// !$*UTF8*$!
{
	archiveVersion = 1;
	classes = {
	};
	objectVersion = 46;
	objects = {

/* Begin PBXBuildFile section */
		251D6B3515A55173006F5447 /* MTAppDelegate.m in Sources */ = {isa = PBXBuildFile; fileRef = 251D6B2A15A55173006F5447 /* MTAppDelegate.m */; };
		251D6B3715A55173006F5447 /* main.m in Sources */ = {isa = PBXBuildFile; fileRef = 251D6B3215A55173006F5447 /* main.m */; };
		251D6B3B15A5524F006F5447 /* Localizable.strings in Resources */ = {isa = PBXBuildFile; fileRef = 251D6B3D15A5524F006F5447 /* Localizable.strings */; };
		251D6B5415A554A7006F5447 /* MTLoginController.m in Sources */ = {isa = PBXBuildFile; fileRef = 251D6B5315A554A7006F5447 /* MTLoginController.m */; };
		251D6B5D15A554D6006F5447 /* MTGridController.m in Sources */ = {isa = PBXBuildFile; fileRef = 251D6B5C15A554D6006F5447 /* MTGridController.m */; };
		251D6B6015A554E7006F5447 /* MTSearchTagController.m in Sources */ = {isa = PBXBuildFile; fileRef = 251D6B5F15A554E7006F5447 /* MTSearchTagController.m */; };
		251D6B6315A554FE006F5447 /* MTSignUpController.m in Sources */ = {isa = PBXBuildFile; fileRef = 251D6B6215A554FE006F5447 /* MTSignUpController.m */; };
		251D6BBE15A55568006F5447 /* ASIAuthenticationDialog.m in Sources */ = {isa = PBXBuildFile; fileRef = 251D6B6A15A55568006F5447 /* ASIAuthenticationDialog.m */; };
		251D6BBF15A55568006F5447 /* ASIDataCompressor.m in Sources */ = {isa = PBXBuildFile; fileRef = 251D6B6D15A55568006F5447 /* ASIDataCompressor.m */; };
		251D6BC015A55568006F5447 /* ASIDataDecompressor.m in Sources */ = {isa = PBXBuildFile; fileRef = 251D6B6F15A55568006F5447 /* ASIDataDecompressor.m */; };
		251D6BC115A55568006F5447 /* ASIDownloadCache.m in Sources */ = {isa = PBXBuildFile; fileRef = 251D6B7115A55568006F5447 /* ASIDownloadCache.m */; };
		251D6BC215A55568006F5447 /* ASIFormDataRequest.m in Sources */ = {isa = PBXBuildFile; fileRef = 251D6B7315A55568006F5447 /* ASIFormDataRequest.m */; };
		251D6BC315A55568006F5447 /* ASIHTTPRequest.m in Sources */ = {isa = PBXBuildFile; fileRef = 251D6B7515A55568006F5447 /* ASIHTTPRequest.m */; };
		251D6BC415A55568006F5447 /* ASIInputStream.m in Sources */ = {isa = PBXBuildFile; fileRef = 251D6B7915A55568006F5447 /* ASIInputStream.m */; };
		251D6BC515A55568006F5447 /* ASINetworkQueue.m in Sources */ = {isa = PBXBuildFile; fileRef = 251D6B7B15A55568006F5447 /* ASINetworkQueue.m */; };
		251D6BC615A55568006F5447 /* CoreLocationController.m in Sources */ = {isa = PBXBuildFile; fileRef = 251D6B7F15A55568006F5447 /* CoreLocationController.m */; };
		251D6BC715A55568006F5447 /* FMDatabase.m in Sources */ = {isa = PBXBuildFile; fileRef = 251D6B8215A55568006F5447 /* FMDatabase.m */; };
		251D6BC815A55568006F5447 /* FMDatabaseAdditions.m in Sources */ = {isa = PBXBuildFile; fileRef = 251D6B8415A55568006F5447 /* FMDatabaseAdditions.m */; };
		251D6BC915A55568006F5447 /* FMDatabasePool.m in Sources */ = {isa = PBXBuildFile; fileRef = 251D6B8615A55568006F5447 /* FMDatabasePool.m */; };
		251D6BCA15A55568006F5447 /* FMDatabaseQueue.m in Sources */ = {isa = PBXBuildFile; fileRef = 251D6B8815A55568006F5447 /* FMDatabaseQueue.m */; };
		251D6BCC15A55568006F5447 /* FMResultSet.m in Sources */ = {isa = PBXBuildFile; fileRef = 251D6B8B15A55568006F5447 /* FMResultSet.m */; };
		251D6BCD15A55568006F5447 /* Reachability.m in Sources */ = {isa = PBXBuildFile; fileRef = 251D6B8E15A55568006F5447 /* Reachability.m */; };
		251D6BCE15A55568006F5447 /* NSObject+SBJson.m in Sources */ = {isa = PBXBuildFile; fileRef = 251D6B9115A55568006F5447 /* NSObject+SBJson.m */; };
		251D6BCF15A55568006F5447 /* SBJsonParser.m in Sources */ = {isa = PBXBuildFile; fileRef = 251D6B9415A55568006F5447 /* SBJsonParser.m */; };
		251D6BD015A55568006F5447 /* SBJsonStreamParser.m in Sources */ = {isa = PBXBuildFile; fileRef = 251D6B9615A55568006F5447 /* SBJsonStreamParser.m */; };
		251D6BD115A55568006F5447 /* SBJsonStreamParserAccumulator.m in Sources */ = {isa = PBXBuildFile; fileRef = 251D6B9815A55568006F5447 /* SBJsonStreamParserAccumulator.m */; };
		251D6BD215A55568006F5447 /* SBJsonStreamParserAdapter.m in Sources */ = {isa = PBXBuildFile; fileRef = 251D6B9A15A55568006F5447 /* SBJsonStreamParserAdapter.m */; };
		251D6BD315A55568006F5447 /* SBJsonStreamParserState.m in Sources */ = {isa = PBXBuildFile; fileRef = 251D6B9C15A55568006F5447 /* SBJsonStreamParserState.m */; };
		251D6BD415A55568006F5447 /* SBJsonStreamWriter.m in Sources */ = {isa = PBXBuildFile; fileRef = 251D6B9E15A55568006F5447 /* SBJsonStreamWriter.m */; };
		251D6BD515A55568006F5447 /* SBJsonStreamWriterAccumulator.m in Sources */ = {isa = PBXBuildFile; fileRef = 251D6BA015A55568006F5447 /* SBJsonStreamWriterAccumulator.m */; };
		251D6BD615A55568006F5447 /* SBJsonStreamWriterState.m in Sources */ = {isa = PBXBuildFile; fileRef = 251D6BA215A55568006F5447 /* SBJsonStreamWriterState.m */; };
		251D6BD715A55568006F5447 /* SBJsonTokeniser.m in Sources */ = {isa = PBXBuildFile; fileRef = 251D6BA415A55568006F5447 /* SBJsonTokeniser.m */; };
		251D6BD815A55568006F5447 /* SBJsonUTF8Stream.m in Sources */ = {isa = PBXBuildFile; fileRef = 251D6BA615A55568006F5447 /* SBJsonUTF8Stream.m */; };
		251D6BD915A55568006F5447 /* SBJsonWriter.m in Sources */ = {isa = PBXBuildFile; fileRef = 251D6BA815A55568006F5447 /* SBJsonWriter.m */; };
		251D6BDA15A55568006F5447 /* MKAnnotationView+WebCache.m in Sources */ = {isa = PBXBuildFile; fileRef = 251D6BAB15A55568006F5447 /* MKAnnotationView+WebCache.m */; };
		251D6BDB15A55568006F5447 /* SDImageCache.m in Sources */ = {isa = PBXBuildFile; fileRef = 251D6BAD15A55568006F5447 /* SDImageCache.m */; };
		251D6BDC15A55568006F5447 /* SDWebImageDecoder.m in Sources */ = {isa = PBXBuildFile; fileRef = 251D6BB115A55568006F5447 /* SDWebImageDecoder.m */; };
		251D6BDD15A55568006F5447 /* SDWebImageDownloader.m in Sources */ = {isa = PBXBuildFile; fileRef = 251D6BB315A55568006F5447 /* SDWebImageDownloader.m */; };
		251D6BDE15A55568006F5447 /* SDWebImageManager.m in Sources */ = {isa = PBXBuildFile; fileRef = 251D6BB615A55568006F5447 /* SDWebImageManager.m */; };
		251D6BDF15A55568006F5447 /* SDWebImagePrefetcher.m in Sources */ = {isa = PBXBuildFile; fileRef = 251D6BB915A55568006F5447 /* SDWebImagePrefetcher.m */; };
		251D6BE015A55568006F5447 /* UIButton+WebCache.m in Sources */ = {isa = PBXBuildFile; fileRef = 251D6BBB15A55568006F5447 /* UIButton+WebCache.m */; };
		251D6BE115A55568006F5447 /* UIImageView+WebCache.m in Sources */ = {isa = PBXBuildFile; fileRef = 251D6BBD15A55568006F5447 /* UIImageView+WebCache.m */; };
		251D6BE415A55577006F5447 /* MTGlobal.m in Sources */ = {isa = PBXBuildFile; fileRef = 251D6BE315A55577006F5447 /* MTGlobal.m */; };
		251D6BE715A55581006F5447 /* MTUtility.m in Sources */ = {isa = PBXBuildFile; fileRef = 251D6BE615A55581006F5447 /* MTUtility.m */; };
		251D6BEA15A55596006F5447 /* MTLocalizableKey.m in Sources */ = {isa = PBXBuildFile; fileRef = 251D6BE915A55596006F5447 /* MTLocalizableKey.m */; };
		251D6BED15A555A3006F5447 /* MTImagePathList.m in Sources */ = {isa = PBXBuildFile; fileRef = 251D6BEC15A555A3006F5447 /* MTImagePathList.m */; };
		251D6BEF15A555C3006F5447 /* CoreLocation.framework in Frameworks */ = {isa = PBXBuildFile; fileRef = 251D6BEE15A555C3006F5447 /* CoreLocation.framework */; };
		251D6BF115A555CC006F5447 /* SystemConfiguration.framework in Frameworks */ = {isa = PBXBuildFile; fileRef = 251D6BF015A555CC006F5447 /* SystemConfiguration.framework */; };
		251D6BF315A555DA006F5447 /* MobileCoreServices.framework in Frameworks */ = {isa = PBXBuildFile; fileRef = 251D6BF215A555DA006F5447 /* MobileCoreServices.framework */; };
		251D6BF515A555FE006F5447 /* CFNetwork.framework in Frameworks */ = {isa = PBXBuildFile; fileRef = 251D6BF415A555FE006F5447 /* CFNetwork.framework */; };
		251D6BF715A55614006F5447 /* libz.dylib in Frameworks */ = {isa = PBXBuildFile; fileRef = 251D6BF615A55614006F5447 /* libz.dylib */; };
		251D6BF915A5563E006F5447 /* libsqlite3.dylib in Frameworks */ = {isa = PBXBuildFile; fileRef = 251D6BF815A5563E006F5447 /* libsqlite3.dylib */; };
		251D6BFB15A55679006F5447 /* MapKit.framework in Frameworks */ = {isa = PBXBuildFile; fileRef = 251D6BFA15A55679006F5447 /* MapKit.framework */; };
		251D6BFD15A55686006F5447 /* ImageIO.framework in Frameworks */ = {isa = PBXBuildFile; fileRef = 251D6BFC15A55686006F5447 /* ImageIO.framework */; };
		251D6BFE15A55716006F5447 /* main.m in Resources */ = {isa = PBXBuildFile; fileRef = 251D6B3215A55173006F5447 /* main.m */; };
		251D6BFF15A55716006F5447 /* socialPhoto-Info.plist in Resources */ = {isa = PBXBuildFile; fileRef = 251D6B3315A55173006F5447 /* socialPhoto-Info.plist */; };
		251D6C0015A55716006F5447 /* socialPhoto-Prefix.pch in Resources */ = {isa = PBXBuildFile; fileRef = 251D6B3415A55173006F5447 /* socialPhoto-Prefix.pch */; };
		25A18FF015A29A400078B870 /* UIKit.framework in Frameworks */ = {isa = PBXBuildFile; fileRef = 25A18FEF15A29A400078B870 /* UIKit.framework */; };
		25A18FF215A29A400078B870 /* Foundation.framework in Frameworks */ = {isa = PBXBuildFile; fileRef = 25A18FF115A29A400078B870 /* Foundation.framework */; };
		25A18FF415A29A400078B870 /* CoreGraphics.framework in Frameworks */ = {isa = PBXBuildFile; fileRef = 25A18FF315A29A400078B870 /* CoreGraphics.framework */; };
		4A692D8C15ABCE7D0035F566 /* MeshtilesFetcher.m in Sources */ = {isa = PBXBuildFile; fileRef = 4A692D8515ABCE7D0035F566 /* MeshtilesFetcher.m */; };
		4A692D8D15ABCE7D0035F566 /* MeshtilesPhoto.m in Sources */ = {isa = PBXBuildFile; fileRef = 4A692D8715ABCE7D0035F566 /* MeshtilesPhoto.m */; };
		4A692D8E15ABCE7D0035F566 /* MeshtilesPhotoDetail.m in Sources */ = {isa = PBXBuildFile; fileRef = 4A692D8915ABCE7D0035F566 /* MeshtilesPhotoDetail.m */; };
		4A692D8F15ABCE7D0035F566 /* MeshtilesUser.m in Sources */ = {isa = PBXBuildFile; fileRef = 4A692D8B15ABCE7D0035F566 /* MeshtilesUser.m */; };
		DBA4066415ABD6A600ED2B67 /* CustomTabBarController.m in Sources */ = {isa = PBXBuildFile; fileRef = DBA4066315ABD6A600ED2B67 /* CustomTabBarController.m */; };
		DBA4F74915ABD98B00B8857A /* tab_mesh_active.png in Resources */ = {isa = PBXBuildFile; fileRef = DBA4F73F15ABD98B00B8857A /* tab_mesh_active.png */; };
		DBA4F74A15ABD98B00B8857A /* tab_mesh.png in Resources */ = {isa = PBXBuildFile; fileRef = DBA4F74015ABD98B00B8857A /* tab_mesh.png */; };
		DBA4F74B15ABD98B00B8857A /* tab_shot_active.png in Resources */ = {isa = PBXBuildFile; fileRef = DBA4F74115ABD98B00B8857A /* tab_shot_active.png */; };
		DBA4F74C15ABD98B00B8857A /* tab_shot.png in Resources */ = {isa = PBXBuildFile; fileRef = DBA4F74215ABD98B00B8857A /* tab_shot.png */; };
		DBA4F74D15ABD98B00B8857A /* tab_timeline_active.png in Resources */ = {isa = PBXBuildFile; fileRef = DBA4F74315ABD98B00B8857A /* tab_timeline_active.png */; };
		DBA4F74E15ABD98B00B8857A /* tab_timeline.png in Resources */ = {isa = PBXBuildFile; fileRef = DBA4F74415ABD98B00B8857A /* tab_timeline.png */; };
		DBA4F74F15ABD98B00B8857A /* tab_trend_tag_active.png in Resources */ = {isa = PBXBuildFile; fileRef = DBA4F74515ABD98B00B8857A /* tab_trend_tag_active.png */; };
		DBA4F75015ABD98B00B8857A /* tab_trend_tag.png in Resources */ = {isa = PBXBuildFile; fileRef = DBA4F74615ABD98B00B8857A /* tab_trend_tag.png */; };
		DBA4F75115ABD98B00B8857A /* tab_user_active.png in Resources */ = {isa = PBXBuildFile; fileRef = DBA4F74715ABD98B00B8857A /* tab_user_active.png */; };
		DBA4F75215ABD98B00B8857A /* tab_user.png in Resources */ = {isa = PBXBuildFile; fileRef = DBA4F74815ABD98B00B8857A /* tab_user.png */; };
		DBA4F75515ABD9C200B8857A /* header_bg.png in Resources */ = {isa = PBXBuildFile; fileRef = DBA4F75315ABD9C200B8857A /* header_bg.png */; };
		DBA4F75615ABD9C200B8857A /* tab_bg.png in Resources */ = {isa = PBXBuildFile; fileRef = DBA4F75415ABD9C200B8857A /* tab_bg.png */; };
		DBA4F76815ABDC0B00B8857A /* map_image_bg.png in Resources */ = {isa = PBXBuildFile; fileRef = DBA4F76315ABDC0B00B8857A /* map_image_bg.png */; };
		DBA4F76915ABDC0B00B8857A /* map_image_bg@2x.png in Resources */ = {isa = PBXBuildFile; fileRef = DBA4F76415ABDC0B00B8857A /* map_image_bg@2x.png */; };
		DBA4F76A15ABDC0B00B8857A /* compass.png in Resources */ = {isa = PBXBuildFile; fileRef = DBA4F76515ABDC0B00B8857A /* compass.png */; };
		DBA4F76B15ABDC0B00B8857A /* compass@2x.png in Resources */ = {isa = PBXBuildFile; fileRef = DBA4F76615ABDC0B00B8857A /* compass@2x.png */; };
		DBA4F76C15ABDC0B00B8857A /* placeholder.png in Resources */ = {isa = PBXBuildFile; fileRef = DBA4F76715ABDC0B00B8857A /* placeholder.png */; };
		DBA4F77115ABDC7100B8857A /* ImagePin.m in Sources */ = {isa = PBXBuildFile; fileRef = DBA4F76E15ABDC7100B8857A /* ImagePin.m */; };
		DBA4F77215ABDC7100B8857A /* LocationPin.m in Sources */ = {isa = PBXBuildFile; fileRef = DBA4F77015ABDC7100B8857A /* LocationPin.m */; };
		DBA4F78315ABDCDE00B8857A /* MTMapController.m in Sources */ = {isa = PBXBuildFile; fileRef = DBA4F78015ABDCDD00B8857A /* MTMapController.m */; };
		DBA4F78415ABDCDE00B8857A /* ImageGridView.m in Sources */ = {isa = PBXBuildFile; fileRef = DBA4F78215ABDCDD00B8857A /* ImageGridView.m */; };
		DBA4F78615ABDEFB00B8857A /* MTMapController.xib in Resources */ = {isa = PBXBuildFile; fileRef = DBA4F78515ABDEFA00B8857A /* MTMapController.xib */; };
		DBA4F79115ABFFD100B8857A /* MTTopController.m in Sources */ = {isa = PBXBuildFile; fileRef = DBA4F78F15ABFFD100B8857A /* MTTopController.m */; };
		DBA4F79215ABFFD100B8857A /* MTTopController.xib in Resources */ = {isa = PBXBuildFile; fileRef = DBA4F79015ABFFD100B8857A /* MTTopController.xib */; };
/* End PBXBuildFile section */

/* Begin PBXFileReference section */
		251D6B2915A55173006F5447 /* MTAppDelegate.h */ = {isa = PBXFileReference; fileEncoding = 4; lastKnownFileType = sourcecode.c.h; path = MTAppDelegate.h; sourceTree = "<group>"; };
		251D6B2A15A55173006F5447 /* MTAppDelegate.m */ = {isa = PBXFileReference; fileEncoding = 4; lastKnownFileType = sourcecode.c.objc; path = MTAppDelegate.m; sourceTree = "<group>"; };
		251D6B3215A55173006F5447 /* main.m */ = {isa = PBXFileReference; fileEncoding = 4; lastKnownFileType = sourcecode.c.objc; path = main.m; sourceTree = "<group>"; };
		251D6B3315A55173006F5447 /* socialPhoto-Info.plist */ = {isa = PBXFileReference; fileEncoding = 4; lastKnownFileType = text.plist.xml; path = "socialPhoto-Info.plist"; sourceTree = "<group>"; };
		251D6B3415A55173006F5447 /* socialPhoto-Prefix.pch */ = {isa = PBXFileReference; fileEncoding = 4; lastKnownFileType = sourcecode.c.h; path = "socialPhoto-Prefix.pch"; sourceTree = "<group>"; };
		251D6B3C15A5524F006F5447 /* en */ = {isa = PBXFileReference; lastKnownFileType = text.plist.strings; name = en; path = en.lproj/Localizable.strings; sourceTree = "<group>"; };
		251D6B3E15A55257006F5447 /* ja */ = {isa = PBXFileReference; lastKnownFileType = text.plist.strings; name = ja; path = ja.lproj/Localizable.strings; sourceTree = "<group>"; };
		251D6B5215A554A7006F5447 /* MTLoginController.h */ = {isa = PBXFileReference; fileEncoding = 4; lastKnownFileType = sourcecode.c.h; path = MTLoginController.h; sourceTree = "<group>"; };
		251D6B5315A554A7006F5447 /* MTLoginController.m */ = {isa = PBXFileReference; fileEncoding = 4; lastKnownFileType = sourcecode.c.objc; path = MTLoginController.m; sourceTree = "<group>"; };
		251D6B5B15A554D6006F5447 /* MTGridController.h */ = {isa = PBXFileReference; fileEncoding = 4; lastKnownFileType = sourcecode.c.h; path = MTGridController.h; sourceTree = "<group>"; };
		251D6B5C15A554D6006F5447 /* MTGridController.m */ = {isa = PBXFileReference; fileEncoding = 4; lastKnownFileType = sourcecode.c.objc; path = MTGridController.m; sourceTree = "<group>"; };
		251D6B5E15A554E7006F5447 /* MTSearchTagController.h */ = {isa = PBXFileReference; fileEncoding = 4; lastKnownFileType = sourcecode.c.h; path = MTSearchTagController.h; sourceTree = "<group>"; };
		251D6B5F15A554E7006F5447 /* MTSearchTagController.m */ = {isa = PBXFileReference; fileEncoding = 4; lastKnownFileType = sourcecode.c.objc; path = MTSearchTagController.m; sourceTree = "<group>"; };
		251D6B6115A554FE006F5447 /* MTSignUpController.h */ = {isa = PBXFileReference; fileEncoding = 4; lastKnownFileType = sourcecode.c.h; path = MTSignUpController.h; sourceTree = "<group>"; };
		251D6B6215A554FE006F5447 /* MTSignUpController.m */ = {isa = PBXFileReference; fileEncoding = 4; lastKnownFileType = sourcecode.c.objc; path = MTSignUpController.m; sourceTree = "<group>"; };
		251D6B6915A55568006F5447 /* ASIAuthenticationDialog.h */ = {isa = PBXFileReference; fileEncoding = 4; lastKnownFileType = sourcecode.c.h; path = ASIAuthenticationDialog.h; sourceTree = "<group>"; };
		251D6B6A15A55568006F5447 /* ASIAuthenticationDialog.m */ = {isa = PBXFileReference; fileEncoding = 4; lastKnownFileType = sourcecode.c.objc; path = ASIAuthenticationDialog.m; sourceTree = "<group>"; };
		251D6B6B15A55568006F5447 /* ASICacheDelegate.h */ = {isa = PBXFileReference; fileEncoding = 4; lastKnownFileType = sourcecode.c.h; path = ASICacheDelegate.h; sourceTree = "<group>"; };
		251D6B6C15A55568006F5447 /* ASIDataCompressor.h */ = {isa = PBXFileReference; fileEncoding = 4; lastKnownFileType = sourcecode.c.h; path = ASIDataCompressor.h; sourceTree = "<group>"; };
		251D6B6D15A55568006F5447 /* ASIDataCompressor.m */ = {isa = PBXFileReference; fileEncoding = 4; lastKnownFileType = sourcecode.c.objc; path = ASIDataCompressor.m; sourceTree = "<group>"; };
		251D6B6E15A55568006F5447 /* ASIDataDecompressor.h */ = {isa = PBXFileReference; fileEncoding = 4; lastKnownFileType = sourcecode.c.h; path = ASIDataDecompressor.h; sourceTree = "<group>"; };
		251D6B6F15A55568006F5447 /* ASIDataDecompressor.m */ = {isa = PBXFileReference; fileEncoding = 4; lastKnownFileType = sourcecode.c.objc; path = ASIDataDecompressor.m; sourceTree = "<group>"; };
		251D6B7015A55568006F5447 /* ASIDownloadCache.h */ = {isa = PBXFileReference; fileEncoding = 4; lastKnownFileType = sourcecode.c.h; path = ASIDownloadCache.h; sourceTree = "<group>"; };
		251D6B7115A55568006F5447 /* ASIDownloadCache.m */ = {isa = PBXFileReference; fileEncoding = 4; lastKnownFileType = sourcecode.c.objc; path = ASIDownloadCache.m; sourceTree = "<group>"; };
		251D6B7215A55568006F5447 /* ASIFormDataRequest.h */ = {isa = PBXFileReference; fileEncoding = 4; lastKnownFileType = sourcecode.c.h; path = ASIFormDataRequest.h; sourceTree = "<group>"; };
		251D6B7315A55568006F5447 /* ASIFormDataRequest.m */ = {isa = PBXFileReference; fileEncoding = 4; lastKnownFileType = sourcecode.c.objc; path = ASIFormDataRequest.m; sourceTree = "<group>"; };
		251D6B7415A55568006F5447 /* ASIHTTPRequest.h */ = {isa = PBXFileReference; fileEncoding = 4; lastKnownFileType = sourcecode.c.h; path = ASIHTTPRequest.h; sourceTree = "<group>"; };
		251D6B7515A55568006F5447 /* ASIHTTPRequest.m */ = {isa = PBXFileReference; fileEncoding = 4; lastKnownFileType = sourcecode.c.objc; path = ASIHTTPRequest.m; sourceTree = "<group>"; };
		251D6B7615A55568006F5447 /* ASIHTTPRequestConfig.h */ = {isa = PBXFileReference; fileEncoding = 4; lastKnownFileType = sourcecode.c.h; path = ASIHTTPRequestConfig.h; sourceTree = "<group>"; };
		251D6B7715A55568006F5447 /* ASIHTTPRequestDelegate.h */ = {isa = PBXFileReference; fileEncoding = 4; lastKnownFileType = sourcecode.c.h; path = ASIHTTPRequestDelegate.h; sourceTree = "<group>"; };
		251D6B7815A55568006F5447 /* ASIInputStream.h */ = {isa = PBXFileReference; fileEncoding = 4; lastKnownFileType = sourcecode.c.h; path = ASIInputStream.h; sourceTree = "<group>"; };
		251D6B7915A55568006F5447 /* ASIInputStream.m */ = {isa = PBXFileReference; fileEncoding = 4; lastKnownFileType = sourcecode.c.objc; path = ASIInputStream.m; sourceTree = "<group>"; };
		251D6B7A15A55568006F5447 /* ASINetworkQueue.h */ = {isa = PBXFileReference; fileEncoding = 4; lastKnownFileType = sourcecode.c.h; path = ASINetworkQueue.h; sourceTree = "<group>"; };
		251D6B7B15A55568006F5447 /* ASINetworkQueue.m */ = {isa = PBXFileReference; fileEncoding = 4; lastKnownFileType = sourcecode.c.objc; path = ASINetworkQueue.m; sourceTree = "<group>"; };
		251D6B7C15A55568006F5447 /* ASIProgressDelegate.h */ = {isa = PBXFileReference; fileEncoding = 4; lastKnownFileType = sourcecode.c.h; path = ASIProgressDelegate.h; sourceTree = "<group>"; };
		251D6B7E15A55568006F5447 /* CoreLocationController.h */ = {isa = PBXFileReference; fileEncoding = 4; lastKnownFileType = sourcecode.c.h; path = CoreLocationController.h; sourceTree = "<group>"; };
		251D6B7F15A55568006F5447 /* CoreLocationController.m */ = {isa = PBXFileReference; fileEncoding = 4; lastKnownFileType = sourcecode.c.objc; path = CoreLocationController.m; sourceTree = "<group>"; };
		251D6B8115A55568006F5447 /* FMDatabase.h */ = {isa = PBXFileReference; fileEncoding = 4; lastKnownFileType = sourcecode.c.h; path = FMDatabase.h; sourceTree = "<group>"; };
		251D6B8215A55568006F5447 /* FMDatabase.m */ = {isa = PBXFileReference; fileEncoding = 4; lastKnownFileType = sourcecode.c.objc; path = FMDatabase.m; sourceTree = "<group>"; };
		251D6B8315A55568006F5447 /* FMDatabaseAdditions.h */ = {isa = PBXFileReference; fileEncoding = 4; lastKnownFileType = sourcecode.c.h; path = FMDatabaseAdditions.h; sourceTree = "<group>"; };
		251D6B8415A55568006F5447 /* FMDatabaseAdditions.m */ = {isa = PBXFileReference; fileEncoding = 4; lastKnownFileType = sourcecode.c.objc; path = FMDatabaseAdditions.m; sourceTree = "<group>"; };
		251D6B8515A55568006F5447 /* FMDatabasePool.h */ = {isa = PBXFileReference; fileEncoding = 4; lastKnownFileType = sourcecode.c.h; path = FMDatabasePool.h; sourceTree = "<group>"; };
		251D6B8615A55568006F5447 /* FMDatabasePool.m */ = {isa = PBXFileReference; fileEncoding = 4; lastKnownFileType = sourcecode.c.objc; path = FMDatabasePool.m; sourceTree = "<group>"; };
		251D6B8715A55568006F5447 /* FMDatabaseQueue.h */ = {isa = PBXFileReference; fileEncoding = 4; lastKnownFileType = sourcecode.c.h; path = FMDatabaseQueue.h; sourceTree = "<group>"; };
		251D6B8815A55568006F5447 /* FMDatabaseQueue.m */ = {isa = PBXFileReference; fileEncoding = 4; lastKnownFileType = sourcecode.c.objc; path = FMDatabaseQueue.m; sourceTree = "<group>"; };
		251D6B8A15A55568006F5447 /* FMResultSet.h */ = {isa = PBXFileReference; fileEncoding = 4; lastKnownFileType = sourcecode.c.h; path = FMResultSet.h; sourceTree = "<group>"; };
		251D6B8B15A55568006F5447 /* FMResultSet.m */ = {isa = PBXFileReference; fileEncoding = 4; lastKnownFileType = sourcecode.c.objc; path = FMResultSet.m; sourceTree = "<group>"; };
		251D6B8D15A55568006F5447 /* Reachability.h */ = {isa = PBXFileReference; fileEncoding = 4; lastKnownFileType = sourcecode.c.h; path = Reachability.h; sourceTree = "<group>"; };
		251D6B8E15A55568006F5447 /* Reachability.m */ = {isa = PBXFileReference; fileEncoding = 4; lastKnownFileType = sourcecode.c.objc; path = Reachability.m; sourceTree = "<group>"; };
		251D6B9015A55568006F5447 /* NSObject+SBJson.h */ = {isa = PBXFileReference; fileEncoding = 4; lastKnownFileType = sourcecode.c.h; path = "NSObject+SBJson.h"; sourceTree = "<group>"; };
		251D6B9115A55568006F5447 /* NSObject+SBJson.m */ = {isa = PBXFileReference; fileEncoding = 4; lastKnownFileType = sourcecode.c.objc; path = "NSObject+SBJson.m"; sourceTree = "<group>"; };
		251D6B9215A55568006F5447 /* SBJson.h */ = {isa = PBXFileReference; fileEncoding = 4; lastKnownFileType = sourcecode.c.h; path = SBJson.h; sourceTree = "<group>"; };
		251D6B9315A55568006F5447 /* SBJsonParser.h */ = {isa = PBXFileReference; fileEncoding = 4; lastKnownFileType = sourcecode.c.h; path = SBJsonParser.h; sourceTree = "<group>"; };
		251D6B9415A55568006F5447 /* SBJsonParser.m */ = {isa = PBXFileReference; fileEncoding = 4; lastKnownFileType = sourcecode.c.objc; path = SBJsonParser.m; sourceTree = "<group>"; };
		251D6B9515A55568006F5447 /* SBJsonStreamParser.h */ = {isa = PBXFileReference; fileEncoding = 4; lastKnownFileType = sourcecode.c.h; path = SBJsonStreamParser.h; sourceTree = "<group>"; };
		251D6B9615A55568006F5447 /* SBJsonStreamParser.m */ = {isa = PBXFileReference; fileEncoding = 4; lastKnownFileType = sourcecode.c.objc; path = SBJsonStreamParser.m; sourceTree = "<group>"; };
		251D6B9715A55568006F5447 /* SBJsonStreamParserAccumulator.h */ = {isa = PBXFileReference; fileEncoding = 4; lastKnownFileType = sourcecode.c.h; path = SBJsonStreamParserAccumulator.h; sourceTree = "<group>"; };
		251D6B9815A55568006F5447 /* SBJsonStreamParserAccumulator.m */ = {isa = PBXFileReference; fileEncoding = 4; lastKnownFileType = sourcecode.c.objc; path = SBJsonStreamParserAccumulator.m; sourceTree = "<group>"; };
		251D6B9915A55568006F5447 /* SBJsonStreamParserAdapter.h */ = {isa = PBXFileReference; fileEncoding = 4; lastKnownFileType = sourcecode.c.h; path = SBJsonStreamParserAdapter.h; sourceTree = "<group>"; };
		251D6B9A15A55568006F5447 /* SBJsonStreamParserAdapter.m */ = {isa = PBXFileReference; fileEncoding = 4; lastKnownFileType = sourcecode.c.objc; path = SBJsonStreamParserAdapter.m; sourceTree = "<group>"; };
		251D6B9B15A55568006F5447 /* SBJsonStreamParserState.h */ = {isa = PBXFileReference; fileEncoding = 4; lastKnownFileType = sourcecode.c.h; path = SBJsonStreamParserState.h; sourceTree = "<group>"; };
		251D6B9C15A55568006F5447 /* SBJsonStreamParserState.m */ = {isa = PBXFileReference; fileEncoding = 4; lastKnownFileType = sourcecode.c.objc; path = SBJsonStreamParserState.m; sourceTree = "<group>"; };
		251D6B9D15A55568006F5447 /* SBJsonStreamWriter.h */ = {isa = PBXFileReference; fileEncoding = 4; lastKnownFileType = sourcecode.c.h; path = SBJsonStreamWriter.h; sourceTree = "<group>"; };
		251D6B9E15A55568006F5447 /* SBJsonStreamWriter.m */ = {isa = PBXFileReference; fileEncoding = 4; lastKnownFileType = sourcecode.c.objc; path = SBJsonStreamWriter.m; sourceTree = "<group>"; };
		251D6B9F15A55568006F5447 /* SBJsonStreamWriterAccumulator.h */ = {isa = PBXFileReference; fileEncoding = 4; lastKnownFileType = sourcecode.c.h; path = SBJsonStreamWriterAccumulator.h; sourceTree = "<group>"; };
		251D6BA015A55568006F5447 /* SBJsonStreamWriterAccumulator.m */ = {isa = PBXFileReference; fileEncoding = 4; lastKnownFileType = sourcecode.c.objc; path = SBJsonStreamWriterAccumulator.m; sourceTree = "<group>"; };
		251D6BA115A55568006F5447 /* SBJsonStreamWriterState.h */ = {isa = PBXFileReference; fileEncoding = 4; lastKnownFileType = sourcecode.c.h; path = SBJsonStreamWriterState.h; sourceTree = "<group>"; };
		251D6BA215A55568006F5447 /* SBJsonStreamWriterState.m */ = {isa = PBXFileReference; fileEncoding = 4; lastKnownFileType = sourcecode.c.objc; path = SBJsonStreamWriterState.m; sourceTree = "<group>"; };
		251D6BA315A55568006F5447 /* SBJsonTokeniser.h */ = {isa = PBXFileReference; fileEncoding = 4; lastKnownFileType = sourcecode.c.h; path = SBJsonTokeniser.h; sourceTree = "<group>"; };
		251D6BA415A55568006F5447 /* SBJsonTokeniser.m */ = {isa = PBXFileReference; fileEncoding = 4; lastKnownFileType = sourcecode.c.objc; path = SBJsonTokeniser.m; sourceTree = "<group>"; };
		251D6BA515A55568006F5447 /* SBJsonUTF8Stream.h */ = {isa = PBXFileReference; fileEncoding = 4; lastKnownFileType = sourcecode.c.h; path = SBJsonUTF8Stream.h; sourceTree = "<group>"; };
		251D6BA615A55568006F5447 /* SBJsonUTF8Stream.m */ = {isa = PBXFileReference; fileEncoding = 4; lastKnownFileType = sourcecode.c.objc; path = SBJsonUTF8Stream.m; sourceTree = "<group>"; };
		251D6BA715A55568006F5447 /* SBJsonWriter.h */ = {isa = PBXFileReference; fileEncoding = 4; lastKnownFileType = sourcecode.c.h; path = SBJsonWriter.h; sourceTree = "<group>"; };
		251D6BA815A55568006F5447 /* SBJsonWriter.m */ = {isa = PBXFileReference; fileEncoding = 4; lastKnownFileType = sourcecode.c.objc; path = SBJsonWriter.m; sourceTree = "<group>"; };
		251D6BAA15A55568006F5447 /* MKAnnotationView+WebCache.h */ = {isa = PBXFileReference; fileEncoding = 4; lastKnownFileType = sourcecode.c.h; path = "MKAnnotationView+WebCache.h"; sourceTree = "<group>"; };
		251D6BAB15A55568006F5447 /* MKAnnotationView+WebCache.m */ = {isa = PBXFileReference; fileEncoding = 4; lastKnownFileType = sourcecode.c.objc; path = "MKAnnotationView+WebCache.m"; sourceTree = "<group>"; };
		251D6BAC15A55568006F5447 /* SDImageCache.h */ = {isa = PBXFileReference; fileEncoding = 4; lastKnownFileType = sourcecode.c.h; path = SDImageCache.h; sourceTree = "<group>"; };
		251D6BAD15A55568006F5447 /* SDImageCache.m */ = {isa = PBXFileReference; fileEncoding = 4; lastKnownFileType = sourcecode.c.objc; path = SDImageCache.m; sourceTree = "<group>"; };
		251D6BAE15A55568006F5447 /* SDImageCacheDelegate.h */ = {isa = PBXFileReference; fileEncoding = 4; lastKnownFileType = sourcecode.c.h; path = SDImageCacheDelegate.h; sourceTree = "<group>"; };
		251D6BAF15A55568006F5447 /* SDWebImageCompat.h */ = {isa = PBXFileReference; fileEncoding = 4; lastKnownFileType = sourcecode.c.h; path = SDWebImageCompat.h; sourceTree = "<group>"; };
		251D6BB015A55568006F5447 /* SDWebImageDecoder.h */ = {isa = PBXFileReference; fileEncoding = 4; lastKnownFileType = sourcecode.c.h; path = SDWebImageDecoder.h; sourceTree = "<group>"; };
		251D6BB115A55568006F5447 /* SDWebImageDecoder.m */ = {isa = PBXFileReference; fileEncoding = 4; lastKnownFileType = sourcecode.c.objc; path = SDWebImageDecoder.m; sourceTree = "<group>"; };
		251D6BB215A55568006F5447 /* SDWebImageDownloader.h */ = {isa = PBXFileReference; fileEncoding = 4; lastKnownFileType = sourcecode.c.h; path = SDWebImageDownloader.h; sourceTree = "<group>"; };
		251D6BB315A55568006F5447 /* SDWebImageDownloader.m */ = {isa = PBXFileReference; fileEncoding = 4; lastKnownFileType = sourcecode.c.objc; path = SDWebImageDownloader.m; sourceTree = "<group>"; };
		251D6BB415A55568006F5447 /* SDWebImageDownloaderDelegate.h */ = {isa = PBXFileReference; fileEncoding = 4; lastKnownFileType = sourcecode.c.h; path = SDWebImageDownloaderDelegate.h; sourceTree = "<group>"; };
		251D6BB515A55568006F5447 /* SDWebImageManager.h */ = {isa = PBXFileReference; fileEncoding = 4; lastKnownFileType = sourcecode.c.h; path = SDWebImageManager.h; sourceTree = "<group>"; };
		251D6BB615A55568006F5447 /* SDWebImageManager.m */ = {isa = PBXFileReference; fileEncoding = 4; lastKnownFileType = sourcecode.c.objc; path = SDWebImageManager.m; sourceTree = "<group>"; };
		251D6BB715A55568006F5447 /* SDWebImageManagerDelegate.h */ = {isa = PBXFileReference; fileEncoding = 4; lastKnownFileType = sourcecode.c.h; path = SDWebImageManagerDelegate.h; sourceTree = "<group>"; };
		251D6BB815A55568006F5447 /* SDWebImagePrefetcher.h */ = {isa = PBXFileReference; fileEncoding = 4; lastKnownFileType = sourcecode.c.h; path = SDWebImagePrefetcher.h; sourceTree = "<group>"; };
		251D6BB915A55568006F5447 /* SDWebImagePrefetcher.m */ = {isa = PBXFileReference; fileEncoding = 4; lastKnownFileType = sourcecode.c.objc; path = SDWebImagePrefetcher.m; sourceTree = "<group>"; };
		251D6BBA15A55568006F5447 /* UIButton+WebCache.h */ = {isa = PBXFileReference; fileEncoding = 4; lastKnownFileType = sourcecode.c.h; path = "UIButton+WebCache.h"; sourceTree = "<group>"; };
		251D6BBB15A55568006F5447 /* UIButton+WebCache.m */ = {isa = PBXFileReference; fileEncoding = 4; lastKnownFileType = sourcecode.c.objc; path = "UIButton+WebCache.m"; sourceTree = "<group>"; };
		251D6BBC15A55568006F5447 /* UIImageView+WebCache.h */ = {isa = PBXFileReference; fileEncoding = 4; lastKnownFileType = sourcecode.c.h; path = "UIImageView+WebCache.h"; sourceTree = "<group>"; };
		251D6BBD15A55568006F5447 /* UIImageView+WebCache.m */ = {isa = PBXFileReference; fileEncoding = 4; lastKnownFileType = sourcecode.c.objc; path = "UIImageView+WebCache.m"; sourceTree = "<group>"; };
		251D6BE215A55577006F5447 /* MTGlobal.h */ = {isa = PBXFileReference; fileEncoding = 4; lastKnownFileType = sourcecode.c.h; path = MTGlobal.h; sourceTree = "<group>"; };
		251D6BE315A55577006F5447 /* MTGlobal.m */ = {isa = PBXFileReference; fileEncoding = 4; lastKnownFileType = sourcecode.c.objc; path = MTGlobal.m; sourceTree = "<group>"; };
		251D6BE515A55581006F5447 /* MTUtility.h */ = {isa = PBXFileReference; fileEncoding = 4; lastKnownFileType = sourcecode.c.h; path = MTUtility.h; sourceTree = "<group>"; };
		251D6BE615A55581006F5447 /* MTUtility.m */ = {isa = PBXFileReference; fileEncoding = 4; lastKnownFileType = sourcecode.c.objc; path = MTUtility.m; sourceTree = "<group>"; };
		251D6BE815A55596006F5447 /* MTLocalizableKey.h */ = {isa = PBXFileReference; fileEncoding = 4; lastKnownFileType = sourcecode.c.h; path = MTLocalizableKey.h; sourceTree = "<group>"; };
		251D6BE915A55596006F5447 /* MTLocalizableKey.m */ = {isa = PBXFileReference; fileEncoding = 4; lastKnownFileType = sourcecode.c.objc; path = MTLocalizableKey.m; sourceTree = "<group>"; };
		251D6BEB15A555A3006F5447 /* MTImagePathList.h */ = {isa = PBXFileReference; fileEncoding = 4; lastKnownFileType = sourcecode.c.h; path = MTImagePathList.h; sourceTree = "<group>"; };
		251D6BEC15A555A3006F5447 /* MTImagePathList.m */ = {isa = PBXFileReference; fileEncoding = 4; lastKnownFileType = sourcecode.c.objc; path = MTImagePathList.m; sourceTree = "<group>"; };
		251D6BEE15A555C3006F5447 /* CoreLocation.framework */ = {isa = PBXFileReference; lastKnownFileType = wrapper.framework; name = CoreLocation.framework; path = System/Library/Frameworks/CoreLocation.framework; sourceTree = SDKROOT; };
		251D6BF015A555CC006F5447 /* SystemConfiguration.framework */ = {isa = PBXFileReference; lastKnownFileType = wrapper.framework; name = SystemConfiguration.framework; path = System/Library/Frameworks/SystemConfiguration.framework; sourceTree = SDKROOT; };
		251D6BF215A555DA006F5447 /* MobileCoreServices.framework */ = {isa = PBXFileReference; lastKnownFileType = wrapper.framework; name = MobileCoreServices.framework; path = System/Library/Frameworks/MobileCoreServices.framework; sourceTree = SDKROOT; };
		251D6BF415A555FE006F5447 /* CFNetwork.framework */ = {isa = PBXFileReference; lastKnownFileType = wrapper.framework; name = CFNetwork.framework; path = System/Library/Frameworks/CFNetwork.framework; sourceTree = SDKROOT; };
		251D6BF615A55614006F5447 /* libz.dylib */ = {isa = PBXFileReference; lastKnownFileType = "compiled.mach-o.dylib"; name = libz.dylib; path = usr/lib/libz.dylib; sourceTree = SDKROOT; };
		251D6BF815A5563E006F5447 /* libsqlite3.dylib */ = {isa = PBXFileReference; lastKnownFileType = "compiled.mach-o.dylib"; name = libsqlite3.dylib; path = usr/lib/libsqlite3.dylib; sourceTree = SDKROOT; };
		251D6BFA15A55679006F5447 /* MapKit.framework */ = {isa = PBXFileReference; lastKnownFileType = wrapper.framework; name = MapKit.framework; path = System/Library/Frameworks/MapKit.framework; sourceTree = SDKROOT; };
		251D6BFC15A55686006F5447 /* ImageIO.framework */ = {isa = PBXFileReference; lastKnownFileType = wrapper.framework; name = ImageIO.framework; path = System/Library/Frameworks/ImageIO.framework; sourceTree = SDKROOT; };
		25A18FEB15A29A400078B870 /* socialPhoto.app */ = {isa = PBXFileReference; explicitFileType = wrapper.application; includeInIndex = 0; path = socialPhoto.app; sourceTree = BUILT_PRODUCTS_DIR; };
		25A18FEF15A29A400078B870 /* UIKit.framework */ = {isa = PBXFileReference; lastKnownFileType = wrapper.framework; name = UIKit.framework; path = System/Library/Frameworks/UIKit.framework; sourceTree = SDKROOT; };
		25A18FF115A29A400078B870 /* Foundation.framework */ = {isa = PBXFileReference; lastKnownFileType = wrapper.framework; name = Foundation.framework; path = System/Library/Frameworks/Foundation.framework; sourceTree = SDKROOT; };
		25A18FF315A29A400078B870 /* CoreGraphics.framework */ = {isa = PBXFileReference; lastKnownFileType = wrapper.framework; name = CoreGraphics.framework; path = System/Library/Frameworks/CoreGraphics.framework; sourceTree = SDKROOT; };
		4A692D8415ABCE7D0035F566 /* MeshtilesFetcher.h */ = {isa = PBXFileReference; fileEncoding = 4; lastKnownFileType = sourcecode.c.h; path = MeshtilesFetcher.h; sourceTree = "<group>"; };
		4A692D8515ABCE7D0035F566 /* MeshtilesFetcher.m */ = {isa = PBXFileReference; fileEncoding = 4; lastKnownFileType = sourcecode.c.objc; path = MeshtilesFetcher.m; sourceTree = "<group>"; };
		4A692D8615ABCE7D0035F566 /* MeshtilesPhoto.h */ = {isa = PBXFileReference; fileEncoding = 4; lastKnownFileType = sourcecode.c.h; path = MeshtilesPhoto.h; sourceTree = "<group>"; };
		4A692D8715ABCE7D0035F566 /* MeshtilesPhoto.m */ = {isa = PBXFileReference; fileEncoding = 4; lastKnownFileType = sourcecode.c.objc; path = MeshtilesPhoto.m; sourceTree = "<group>"; };
		4A692D8815ABCE7D0035F566 /* MeshtilesPhotoDetail.h */ = {isa = PBXFileReference; fileEncoding = 4; lastKnownFileType = sourcecode.c.h; path = MeshtilesPhotoDetail.h; sourceTree = "<group>"; };
		4A692D8915ABCE7D0035F566 /* MeshtilesPhotoDetail.m */ = {isa = PBXFileReference; fileEncoding = 4; lastKnownFileType = sourcecode.c.objc; path = MeshtilesPhotoDetail.m; sourceTree = "<group>"; };
		4A692D8A15ABCE7D0035F566 /* MeshtilesUser.h */ = {isa = PBXFileReference; fileEncoding = 4; lastKnownFileType = sourcecode.c.h; path = MeshtilesUser.h; sourceTree = "<group>"; };
		4A692D8B15ABCE7D0035F566 /* MeshtilesUser.m */ = {isa = PBXFileReference; fileEncoding = 4; lastKnownFileType = sourcecode.c.objc; path = MeshtilesUser.m; sourceTree = "<group>"; };
		DBA4066215ABD6A600ED2B67 /* CustomTabBarController.h */ = {isa = PBXFileReference; fileEncoding = 4; lastKnownFileType = sourcecode.c.h; path = CustomTabBarController.h; sourceTree = "<group>"; };
		DBA4066315ABD6A600ED2B67 /* CustomTabBarController.m */ = {isa = PBXFileReference; fileEncoding = 4; lastKnownFileType = sourcecode.c.objc; path = CustomTabBarController.m; sourceTree = "<group>"; };
		DBA4F73F15ABD98B00B8857A /* tab_mesh_active.png */ = {isa = PBXFileReference; lastKnownFileType = image.png; path = tab_mesh_active.png; sourceTree = "<group>"; };
		DBA4F74015ABD98B00B8857A /* tab_mesh.png */ = {isa = PBXFileReference; lastKnownFileType = image.png; path = tab_mesh.png; sourceTree = "<group>"; };
		DBA4F74115ABD98B00B8857A /* tab_shot_active.png */ = {isa = PBXFileReference; lastKnownFileType = image.png; path = tab_shot_active.png; sourceTree = "<group>"; };
		DBA4F74215ABD98B00B8857A /* tab_shot.png */ = {isa = PBXFileReference; lastKnownFileType = image.png; path = tab_shot.png; sourceTree = "<group>"; };
		DBA4F74315ABD98B00B8857A /* tab_timeline_active.png */ = {isa = PBXFileReference; lastKnownFileType = image.png; path = tab_timeline_active.png; sourceTree = "<group>"; };
		DBA4F74415ABD98B00B8857A /* tab_timeline.png */ = {isa = PBXFileReference; lastKnownFileType = image.png; path = tab_timeline.png; sourceTree = "<group>"; };
		DBA4F74515ABD98B00B8857A /* tab_trend_tag_active.png */ = {isa = PBXFileReference; lastKnownFileType = image.png; path = tab_trend_tag_active.png; sourceTree = "<group>"; };
		DBA4F74615ABD98B00B8857A /* tab_trend_tag.png */ = {isa = PBXFileReference; lastKnownFileType = image.png; path = tab_trend_tag.png; sourceTree = "<group>"; };
		DBA4F74715ABD98B00B8857A /* tab_user_active.png */ = {isa = PBXFileReference; lastKnownFileType = image.png; path = tab_user_active.png; sourceTree = "<group>"; };
		DBA4F74815ABD98B00B8857A /* tab_user.png */ = {isa = PBXFileReference; lastKnownFileType = image.png; path = tab_user.png; sourceTree = "<group>"; };
		DBA4F75315ABD9C200B8857A /* header_bg.png */ = {isa = PBXFileReference; lastKnownFileType = image.png; path = header_bg.png; sourceTree = "<group>"; };
		DBA4F75415ABD9C200B8857A /* tab_bg.png */ = {isa = PBXFileReference; lastKnownFileType = image.png; path = tab_bg.png; sourceTree = "<group>"; };
		DBA4F76315ABDC0B00B8857A /* map_image_bg.png */ = {isa = PBXFileReference; lastKnownFileType = image.png; path = map_image_bg.png; sourceTree = "<group>"; };
		DBA4F76415ABDC0B00B8857A /* map_image_bg@2x.png */ = {isa = PBXFileReference; lastKnownFileType = image.png; path = "map_image_bg@2x.png"; sourceTree = "<group>"; };
		DBA4F76515ABDC0B00B8857A /* compass.png */ = {isa = PBXFileReference; lastKnownFileType = image.png; path = compass.png; sourceTree = "<group>"; };
		DBA4F76615ABDC0B00B8857A /* compass@2x.png */ = {isa = PBXFileReference; lastKnownFileType = image.png; path = "compass@2x.png"; sourceTree = "<group>"; };
		DBA4F76715ABDC0B00B8857A /* placeholder.png */ = {isa = PBXFileReference; lastKnownFileType = image.png; path = placeholder.png; sourceTree = "<group>"; };
		DBA4F76D15ABDC7100B8857A /* ImagePin.h */ = {isa = PBXFileReference; fileEncoding = 4; lastKnownFileType = sourcecode.c.h; path = ImagePin.h; sourceTree = "<group>"; };
		DBA4F76E15ABDC7100B8857A /* ImagePin.m */ = {isa = PBXFileReference; fileEncoding = 4; lastKnownFileType = sourcecode.c.objc; path = ImagePin.m; sourceTree = "<group>"; };
		DBA4F76F15ABDC7100B8857A /* LocationPin.h */ = {isa = PBXFileReference; fileEncoding = 4; lastKnownFileType = sourcecode.c.h; path = LocationPin.h; sourceTree = "<group>"; };
		DBA4F77015ABDC7100B8857A /* LocationPin.m */ = {isa = PBXFileReference; fileEncoding = 4; lastKnownFileType = sourcecode.c.objc; path = LocationPin.m; sourceTree = "<group>"; };
		DBA4F77F15ABDCDD00B8857A /* MTMapController.h */ = {isa = PBXFileReference; fileEncoding = 4; lastKnownFileType = sourcecode.c.h; name = MTMapController.h; path = ../../MTMapController.h; sourceTree = "<group>"; };
		DBA4F78015ABDCDD00B8857A /* MTMapController.m */ = {isa = PBXFileReference; fileEncoding = 4; lastKnownFileType = sourcecode.c.objc; name = MTMapController.m; path = ../../MTMapController.m; sourceTree = "<group>"; };
		DBA4F78115ABDCDD00B8857A /* ImageGridView.h */ = {isa = PBXFileReference; fileEncoding = 4; lastKnownFileType = sourcecode.c.h; path = ImageGridView.h; sourceTree = "<group>"; };
		DBA4F78215ABDCDD00B8857A /* ImageGridView.m */ = {isa = PBXFileReference; fileEncoding = 4; lastKnownFileType = sourcecode.c.objc; path = ImageGridView.m; sourceTree = "<group>"; };
		DBA4F78515ABDEFA00B8857A /* MTMapController.xib */ = {isa = PBXFileReference; fileEncoding = 4; lastKnownFileType = file.xib; name = MTMapController.xib; path = ../../MTMapController.xib; sourceTree = "<group>"; };
		DBA4F78E15ABFFD100B8857A /* MTTopController.h */ = {isa = PBXFileReference; fileEncoding = 4; lastKnownFileType = sourcecode.c.h; path = MTTopController.h; sourceTree = SOURCE_ROOT; };
		DBA4F78F15ABFFD100B8857A /* MTTopController.m */ = {isa = PBXFileReference; fileEncoding = 4; lastKnownFileType = sourcecode.c.objc; path = MTTopController.m; sourceTree = SOURCE_ROOT; };
		DBA4F79015ABFFD100B8857A /* MTTopController.xib */ = {isa = PBXFileReference; fileEncoding = 4; lastKnownFileType = file.xib; path = MTTopController.xib; sourceTree = SOURCE_ROOT; };
/* End PBXFileReference section */

/* Begin PBXFrameworksBuildPhase section */
		25A18FE815A29A400078B870 /* Frameworks */ = {
			isa = PBXFrameworksBuildPhase;
			buildActionMask = 2147483647;
			files = (
				251D6BFD15A55686006F5447 /* ImageIO.framework in Frameworks */,
				251D6BFB15A55679006F5447 /* MapKit.framework in Frameworks */,
				251D6BF915A5563E006F5447 /* libsqlite3.dylib in Frameworks */,
				251D6BF715A55614006F5447 /* libz.dylib in Frameworks */,
				251D6BF515A555FE006F5447 /* CFNetwork.framework in Frameworks */,
				251D6BF315A555DA006F5447 /* MobileCoreServices.framework in Frameworks */,
				251D6BF115A555CC006F5447 /* SystemConfiguration.framework in Frameworks */,
				251D6BEF15A555C3006F5447 /* CoreLocation.framework in Frameworks */,
				25A18FF015A29A400078B870 /* UIKit.framework in Frameworks */,
				25A18FF215A29A400078B870 /* Foundation.framework in Frameworks */,
				25A18FF415A29A400078B870 /* CoreGraphics.framework in Frameworks */,
			);
			runOnlyForDeploymentPostprocessing = 0;
		};
/* End PBXFrameworksBuildPhase section */

/* Begin PBXGroup section */
		251D6B2315A55173006F5447 /* socialPhoto */ = {
			isa = PBXGroup;
			children = (
				251D6B4A15A55498006F5447 /* Class */,
				251D6B2915A55173006F5447 /* MTAppDelegate.h */,
				251D6B2A15A55173006F5447 /* MTAppDelegate.m */,
				251D6B2B15A55173006F5447 /* Resources */,
			);
			path = socialPhoto;
			sourceTree = "<group>";
		};
		251D6B2B15A55173006F5447 /* Resources */ = {
			isa = PBXGroup;
			children = (
				DBA4F73C15ABD96400B8857A /* GFX */,
				251D6B2C15A55173006F5447 /* Database */,
				251D6B2D15A55173006F5447 /* Mutilanguage */,
				251D6B3015A55173006F5447 /* Nib */,
				251D6B3115A55173006F5447 /* Others */,
			);
			path = Resources;
			sourceTree = "<group>";
		};
		251D6B2C15A55173006F5447 /* Database */ = {
			isa = PBXGroup;
			children = (
			);
			path = Database;
			sourceTree = "<group>";
		};
		251D6B2D15A55173006F5447 /* Mutilanguage */ = {
			isa = PBXGroup;
			children = (
				251D6B3D15A5524F006F5447 /* Localizable.strings */,
			);
			path = Mutilanguage;
			sourceTree = "<group>";
		};
		251D6B3015A55173006F5447 /* Nib */ = {
			isa = PBXGroup;
			children = (
			);
			path = Nib;
			sourceTree = "<group>";
		};
		251D6B3115A55173006F5447 /* Others */ = {
			isa = PBXGroup;
			children = (
				251D6B3215A55173006F5447 /* main.m */,
				251D6B3315A55173006F5447 /* socialPhoto-Info.plist */,
				251D6B3415A55173006F5447 /* socialPhoto-Prefix.pch */,
			);
			path = Others;
			sourceTree = "<group>";
		};
		251D6B4A15A55498006F5447 /* Class */ = {
			isa = PBXGroup;
			children = (
				251D6B6715A55568006F5447 /* Library */,
				251D6B4B15A55498006F5447 /* Controller */,
				251D6B4E15A55498006F5447 /* Entity */,
				251D6B5015A55498006F5447 /* Utility */,
				251D6B5115A55498006F5447 /* Views */,
				DBA4F78115ABDCDD00B8857A /* ImageGridView.h */,
				DBA4F78215ABDCDD00B8857A /* ImageGridView.m */,
			);
			path = Class;
			sourceTree = "<group>";
		};
		251D6B4B15A55498006F5447 /* Controller */ = {
			isa = PBXGroup;
			children = (
				DBA4F73615ABD8FB00B8857A /* CustomTabbarController */,
				251D6B4C15A55498006F5447 /* Login */,
				251D6B4D15A55498006F5447 /* Top */,
			);
			path = Controller;
			sourceTree = "<group>";
		};
		251D6B4C15A55498006F5447 /* Login */ = {
			isa = PBXGroup;
			children = (
				251D6B5215A554A7006F5447 /* MTLoginController.h */,
				251D6B5315A554A7006F5447 /* MTLoginController.m */,
				251D6B6115A554FE006F5447 /* MTSignUpController.h */,
				251D6B6215A554FE006F5447 /* MTSignUpController.m */,
			);
			path = Login;
			sourceTree = "<group>";
		};
		251D6B4D15A55498006F5447 /* Top */ = {
			isa = PBXGroup;
			children = (
				DBA4F78E15ABFFD100B8857A /* MTTopController.h */,
				DBA4F78F15ABFFD100B8857A /* MTTopController.m */,
				DBA4F79015ABFFD100B8857A /* MTTopController.xib */,
				DBA4F77F15ABDCDD00B8857A /* MTMapController.h */,
				DBA4F78015ABDCDD00B8857A /* MTMapController.m */,
				DBA4F78515ABDEFA00B8857A /* MTMapController.xib */,
				251D6B5B15A554D6006F5447 /* MTGridController.h */,
				251D6B5C15A554D6006F5447 /* MTGridController.m */,
				251D6B5E15A554E7006F5447 /* MTSearchTagController.h */,
				251D6B5F15A554E7006F5447 /* MTSearchTagController.m */,
			);
			path = Top;
			sourceTree = "<group>";
		};
		251D6B4E15A55498006F5447 /* Entity */ = {
			isa = PBXGroup;
			children = (
				DBA4F78715ABE8A300B8857A /* AnnotationPin */,
				4A692D8415ABCE7D0035F566 /* MeshtilesFetcher.h */,
				4A692D8515ABCE7D0035F566 /* MeshtilesFetcher.m */,
				4A692D8615ABCE7D0035F566 /* MeshtilesPhoto.h */,
				4A692D8715ABCE7D0035F566 /* MeshtilesPhoto.m */,
				4A692D8815ABCE7D0035F566 /* MeshtilesPhotoDetail.h */,
				4A692D8915ABCE7D0035F566 /* MeshtilesPhotoDetail.m */,
				4A692D8A15ABCE7D0035F566 /* MeshtilesUser.h */,
				4A692D8B15ABCE7D0035F566 /* MeshtilesUser.m */,
			);
			path = Entity;
			sourceTree = "<group>";
		};
		251D6B5015A55498006F5447 /* Utility */ = {
			isa = PBXGroup;
			children = (
				251D6BE215A55577006F5447 /* MTGlobal.h */,
				251D6BE315A55577006F5447 /* MTGlobal.m */,
				251D6BE515A55581006F5447 /* MTUtility.h */,
				251D6BE615A55581006F5447 /* MTUtility.m */,
				251D6BE815A55596006F5447 /* MTLocalizableKey.h */,
				251D6BE915A55596006F5447 /* MTLocalizableKey.m */,
				251D6BEB15A555A3006F5447 /* MTImagePathList.h */,
				251D6BEC15A555A3006F5447 /* MTImagePathList.m */,
			);
			path = Utility;
			sourceTree = "<group>";
		};
		251D6B5115A55498006F5447 /* Views */ = {
			isa = PBXGroup;
			children = (
			);
			path = Views;
			sourceTree = "<group>";
		};
		251D6B6715A55568006F5447 /* Library */ = {
			isa = PBXGroup;
			children = (
				251D6B6815A55568006F5447 /* ASIHttpRequest */,
				251D6B7D15A55568006F5447 /* CoreLocation */,
				251D6B8015A55568006F5447 /* FMDB */,
				251D6B8C15A55568006F5447 /* Reachability */,
				251D6B8F15A55568006F5447 /* SBJson */,
				251D6BA915A55568006F5447 /* SDWebImage */,
			);
			path = Library;
			sourceTree = "<group>";
		};
		251D6B6815A55568006F5447 /* ASIHttpRequest */ = {
			isa = PBXGroup;
			children = (
				251D6B6915A55568006F5447 /* ASIAuthenticationDialog.h */,
				251D6B6A15A55568006F5447 /* ASIAuthenticationDialog.m */,
				251D6B6B15A55568006F5447 /* ASICacheDelegate.h */,
				251D6B6C15A55568006F5447 /* ASIDataCompressor.h */,
				251D6B6D15A55568006F5447 /* ASIDataCompressor.m */,
				251D6B6E15A55568006F5447 /* ASIDataDecompressor.h */,
				251D6B6F15A55568006F5447 /* ASIDataDecompressor.m */,
				251D6B7015A55568006F5447 /* ASIDownloadCache.h */,
				251D6B7115A55568006F5447 /* ASIDownloadCache.m */,
				251D6B7215A55568006F5447 /* ASIFormDataRequest.h */,
				251D6B7315A55568006F5447 /* ASIFormDataRequest.m */,
				251D6B7415A55568006F5447 /* ASIHTTPRequest.h */,
				251D6B7515A55568006F5447 /* ASIHTTPRequest.m */,
				251D6B7615A55568006F5447 /* ASIHTTPRequestConfig.h */,
				251D6B7715A55568006F5447 /* ASIHTTPRequestDelegate.h */,
				251D6B7815A55568006F5447 /* ASIInputStream.h */,
				251D6B7915A55568006F5447 /* ASIInputStream.m */,
				251D6B7A15A55568006F5447 /* ASINetworkQueue.h */,
				251D6B7B15A55568006F5447 /* ASINetworkQueue.m */,
				251D6B7C15A55568006F5447 /* ASIProgressDelegate.h */,
			);
			path = ASIHttpRequest;
			sourceTree = "<group>";
		};
		251D6B7D15A55568006F5447 /* CoreLocation */ = {
			isa = PBXGroup;
			children = (
				251D6B7E15A55568006F5447 /* CoreLocationController.h */,
				251D6B7F15A55568006F5447 /* CoreLocationController.m */,
			);
			path = CoreLocation;
			sourceTree = "<group>";
		};
		251D6B8015A55568006F5447 /* FMDB */ = {
			isa = PBXGroup;
			children = (
				251D6B8115A55568006F5447 /* FMDatabase.h */,
				251D6B8215A55568006F5447 /* FMDatabase.m */,
				251D6B8315A55568006F5447 /* FMDatabaseAdditions.h */,
				251D6B8415A55568006F5447 /* FMDatabaseAdditions.m */,
				251D6B8515A55568006F5447 /* FMDatabasePool.h */,
				251D6B8615A55568006F5447 /* FMDatabasePool.m */,
				251D6B8715A55568006F5447 /* FMDatabaseQueue.h */,
				251D6B8815A55568006F5447 /* FMDatabaseQueue.m */,
				251D6B8A15A55568006F5447 /* FMResultSet.h */,
				251D6B8B15A55568006F5447 /* FMResultSet.m */,
			);
			path = FMDB;
			sourceTree = "<group>";
		};
		251D6B8C15A55568006F5447 /* Reachability */ = {
			isa = PBXGroup;
			children = (
				251D6B8D15A55568006F5447 /* Reachability.h */,
				251D6B8E15A55568006F5447 /* Reachability.m */,
			);
			path = Reachability;
			sourceTree = "<group>";
		};
		251D6B8F15A55568006F5447 /* SBJson */ = {
			isa = PBXGroup;
			children = (
				251D6B9015A55568006F5447 /* NSObject+SBJson.h */,
				251D6B9115A55568006F5447 /* NSObject+SBJson.m */,
				251D6B9215A55568006F5447 /* SBJson.h */,
				251D6B9315A55568006F5447 /* SBJsonParser.h */,
				251D6B9415A55568006F5447 /* SBJsonParser.m */,
				251D6B9515A55568006F5447 /* SBJsonStreamParser.h */,
				251D6B9615A55568006F5447 /* SBJsonStreamParser.m */,
				251D6B9715A55568006F5447 /* SBJsonStreamParserAccumulator.h */,
				251D6B9815A55568006F5447 /* SBJsonStreamParserAccumulator.m */,
				251D6B9915A55568006F5447 /* SBJsonStreamParserAdapter.h */,
				251D6B9A15A55568006F5447 /* SBJsonStreamParserAdapter.m */,
				251D6B9B15A55568006F5447 /* SBJsonStreamParserState.h */,
				251D6B9C15A55568006F5447 /* SBJsonStreamParserState.m */,
				251D6B9D15A55568006F5447 /* SBJsonStreamWriter.h */,
				251D6B9E15A55568006F5447 /* SBJsonStreamWriter.m */,
				251D6B9F15A55568006F5447 /* SBJsonStreamWriterAccumulator.h */,
				251D6BA015A55568006F5447 /* SBJsonStreamWriterAccumulator.m */,
				251D6BA115A55568006F5447 /* SBJsonStreamWriterState.h */,
				251D6BA215A55568006F5447 /* SBJsonStreamWriterState.m */,
				251D6BA315A55568006F5447 /* SBJsonTokeniser.h */,
				251D6BA415A55568006F5447 /* SBJsonTokeniser.m */,
				251D6BA515A55568006F5447 /* SBJsonUTF8Stream.h */,
				251D6BA615A55568006F5447 /* SBJsonUTF8Stream.m */,
				251D6BA715A55568006F5447 /* SBJsonWriter.h */,
				251D6BA815A55568006F5447 /* SBJsonWriter.m */,
			);
			path = SBJson;
			sourceTree = "<group>";
		};
		251D6BA915A55568006F5447 /* SDWebImage */ = {
			isa = PBXGroup;
			children = (
				251D6BAA15A55568006F5447 /* MKAnnotationView+WebCache.h */,
				251D6BAB15A55568006F5447 /* MKAnnotationView+WebCache.m */,
				251D6BAC15A55568006F5447 /* SDImageCache.h */,
				251D6BAD15A55568006F5447 /* SDImageCache.m */,
				251D6BAE15A55568006F5447 /* SDImageCacheDelegate.h */,
				251D6BAF15A55568006F5447 /* SDWebImageCompat.h */,
				251D6BB015A55568006F5447 /* SDWebImageDecoder.h */,
				251D6BB115A55568006F5447 /* SDWebImageDecoder.m */,
				251D6BB215A55568006F5447 /* SDWebImageDownloader.h */,
				251D6BB315A55568006F5447 /* SDWebImageDownloader.m */,
				251D6BB415A55568006F5447 /* SDWebImageDownloaderDelegate.h */,
				251D6BB515A55568006F5447 /* SDWebImageManager.h */,
				251D6BB615A55568006F5447 /* SDWebImageManager.m */,
				251D6BB715A55568006F5447 /* SDWebImageManagerDelegate.h */,
				251D6BB815A55568006F5447 /* SDWebImagePrefetcher.h */,
				251D6BB915A55568006F5447 /* SDWebImagePrefetcher.m */,
				251D6BBA15A55568006F5447 /* UIButton+WebCache.h */,
				251D6BBB15A55568006F5447 /* UIButton+WebCache.m */,
				251D6BBC15A55568006F5447 /* UIImageView+WebCache.h */,
				251D6BBD15A55568006F5447 /* UIImageView+WebCache.m */,
			);
			path = SDWebImage;
			sourceTree = "<group>";
		};
		25A18FE015A29A400078B870 = {
			isa = PBXGroup;
			children = (
				251D6B2315A55173006F5447 /* socialPhoto */,
				25A18FEE15A29A400078B870 /* Frameworks */,
				25A18FEC15A29A400078B870 /* Products */,
			);
			sourceTree = "<group>";
		};
		25A18FEC15A29A400078B870 /* Products */ = {
			isa = PBXGroup;
			children = (
				25A18FEB15A29A400078B870 /* socialPhoto.app */,
			);
			name = Products;
			sourceTree = "<group>";
		};
		25A18FEE15A29A400078B870 /* Frameworks */ = {
			isa = PBXGroup;
			children = (
				251D6BF815A5563E006F5447 /* libsqlite3.dylib */,
				251D6BF615A55614006F5447 /* libz.dylib */,
				251D6BFC15A55686006F5447 /* ImageIO.framework */,
				251D6BFA15A55679006F5447 /* MapKit.framework */,
				251D6BF415A555FE006F5447 /* CFNetwork.framework */,
				251D6BF215A555DA006F5447 /* MobileCoreServices.framework */,
				251D6BF015A555CC006F5447 /* SystemConfiguration.framework */,
				251D6BEE15A555C3006F5447 /* CoreLocation.framework */,
				25A18FEF15A29A400078B870 /* UIKit.framework */,
				25A18FF115A29A400078B870 /* Foundation.framework */,
				25A18FF315A29A400078B870 /* CoreGraphics.framework */,
			);
			name = Frameworks;
			sourceTree = "<group>";
		};
		DBA4F73615ABD8FB00B8857A /* CustomTabbarController */ = {
			isa = PBXGroup;
			children = (
				DBA4066215ABD6A600ED2B67 /* CustomTabBarController.h */,
				DBA4066315ABD6A600ED2B67 /* CustomTabBarController.m */,
			);
			name = CustomTabbarController;
			sourceTree = "<group>";
		};
		DBA4F73C15ABD96400B8857A /* GFX */ = {
			isa = PBXGroup;
			children = (
				DBA4F76215ABDBED00B8857A /* ImageTag */,
				DBA4F73E15ABD97A00B8857A /* Tab */,
				DBA4F73D15ABD97100B8857A /* Icon */,
			);
			name = GFX;
			sourceTree = "<group>";
		};
		DBA4F73D15ABD97100B8857A /* Icon */ = {
			isa = PBXGroup;
			children = (
				DBA4F73F15ABD98B00B8857A /* tab_mesh_active.png */,
				DBA4F74015ABD98B00B8857A /* tab_mesh.png */,
				DBA4F74115ABD98B00B8857A /* tab_shot_active.png */,
				DBA4F74215ABD98B00B8857A /* tab_shot.png */,
				DBA4F74315ABD98B00B8857A /* tab_timeline_active.png */,
				DBA4F74415ABD98B00B8857A /* tab_timeline.png */,
				DBA4F74515ABD98B00B8857A /* tab_trend_tag_active.png */,
				DBA4F74615ABD98B00B8857A /* tab_trend_tag.png */,
				DBA4F74715ABD98B00B8857A /* tab_user_active.png */,
				DBA4F74815ABD98B00B8857A /* tab_user.png */,
			);
			name = Icon;
			sourceTree = "<group>";
		};
		DBA4F73E15ABD97A00B8857A /* Tab */ = {
			isa = PBXGroup;
			children = (
				DBA4F75315ABD9C200B8857A /* header_bg.png */,
				DBA4F75415ABD9C200B8857A /* tab_bg.png */,
			);
			name = Tab;
			sourceTree = "<group>";
		};
		DBA4F76215ABDBED00B8857A /* ImageTag */ = {
			isa = PBXGroup;
			children = (
				DBA4F76315ABDC0B00B8857A /* map_image_bg.png */,
				DBA4F76415ABDC0B00B8857A /* map_image_bg@2x.png */,
				DBA4F76515ABDC0B00B8857A /* compass.png */,
				DBA4F76615ABDC0B00B8857A /* compass@2x.png */,
				DBA4F76715ABDC0B00B8857A /* placeholder.png */,
			);
			name = ImageTag;
			sourceTree = "<group>";
		};
		DBA4F78715ABE8A300B8857A /* AnnotationPin */ = {
			isa = PBXGroup;
			children = (
				DBA4F76D15ABDC7100B8857A /* ImagePin.h */,
				DBA4F76E15ABDC7100B8857A /* ImagePin.m */,
				DBA4F76F15ABDC7100B8857A /* LocationPin.h */,
				DBA4F77015ABDC7100B8857A /* LocationPin.m */,
			);
			name = AnnotationPin;
			sourceTree = "<group>";
		};
/* End PBXGroup section */

/* Begin PBXNativeTarget section */
		25A18FEA15A29A400078B870 /* socialPhoto */ = {
			isa = PBXNativeTarget;
			buildConfigurationList = 25A1900315A29A400078B870 /* Build configuration list for PBXNativeTarget "socialPhoto" */;
			buildPhases = (
				25A18FE715A29A400078B870 /* Sources */,
				25A18FE815A29A400078B870 /* Frameworks */,
				25A18FE915A29A400078B870 /* Resources */,
			);
			buildRules = (
			);
			dependencies = (
			);
			name = socialPhoto;
			productName = socialPhoto;
			productReference = 25A18FEB15A29A400078B870 /* socialPhoto.app */;
			productType = "com.apple.product-type.application";
		};
/* End PBXNativeTarget section */

/* Begin PBXProject section */
		25A18FE215A29A400078B870 /* Project object */ = {
			isa = PBXProject;
			attributes = {
				LastUpgradeCheck = 0420;
			};
			buildConfigurationList = 25A18FE515A29A400078B870 /* Build configuration list for PBXProject "socialPhoto" */;
			compatibilityVersion = "Xcode 3.2";
			developmentRegion = English;
			hasScannedForEncodings = 0;
			knownRegions = (
				en,
				ja,
			);
			mainGroup = 25A18FE015A29A400078B870;
			productRefGroup = 25A18FEC15A29A400078B870 /* Products */;
			projectDirPath = "";
			projectRoot = "";
			targets = (
				25A18FEA15A29A400078B870 /* socialPhoto */,
			);
		};
/* End PBXProject section */

/* Begin PBXResourcesBuildPhase section */
		25A18FE915A29A400078B870 /* Resources */ = {
			isa = PBXResourcesBuildPhase;
			buildActionMask = 2147483647;
			files = (
				251D6BFE15A55716006F5447 /* main.m in Resources */,
				251D6BFF15A55716006F5447 /* socialPhoto-Info.plist in Resources */,
				251D6C0015A55716006F5447 /* socialPhoto-Prefix.pch in Resources */,
				251D6B3B15A5524F006F5447 /* Localizable.strings in Resources */,
				DBA4F74915ABD98B00B8857A /* tab_mesh_active.png in Resources */,
				DBA4F74A15ABD98B00B8857A /* tab_mesh.png in Resources */,
				DBA4F74B15ABD98B00B8857A /* tab_shot_active.png in Resources */,
				DBA4F74C15ABD98B00B8857A /* tab_shot.png in Resources */,
				DBA4F74D15ABD98B00B8857A /* tab_timeline_active.png in Resources */,
				DBA4F74E15ABD98B00B8857A /* tab_timeline.png in Resources */,
				DBA4F74F15ABD98B00B8857A /* tab_trend_tag_active.png in Resources */,
				DBA4F75015ABD98B00B8857A /* tab_trend_tag.png in Resources */,
				DBA4F75115ABD98B00B8857A /* tab_user_active.png in Resources */,
				DBA4F75215ABD98B00B8857A /* tab_user.png in Resources */,
				DBA4F75515ABD9C200B8857A /* header_bg.png in Resources */,
				DBA4F75615ABD9C200B8857A /* tab_bg.png in Resources */,
				DBA4F76815ABDC0B00B8857A /* map_image_bg.png in Resources */,
				DBA4F76915ABDC0B00B8857A /* map_image_bg@2x.png in Resources */,
				DBA4F76A15ABDC0B00B8857A /* compass.png in Resources */,
				DBA4F76B15ABDC0B00B8857A /* compass@2x.png in Resources */,
				DBA4F76C15ABDC0B00B8857A /* placeholder.png in Resources */,
				DBA4F78615ABDEFB00B8857A /* MTMapController.xib in Resources */,
				DBA4F79215ABFFD100B8857A /* MTTopController.xib in Resources */,
			);
			runOnlyForDeploymentPostprocessing = 0;
		};
/* End PBXResourcesBuildPhase section */

/* Begin PBXSourcesBuildPhase section */
		25A18FE715A29A400078B870 /* Sources */ = {
			isa = PBXSourcesBuildPhase;
			buildActionMask = 2147483647;
			files = (
				251D6B3515A55173006F5447 /* MTAppDelegate.m in Sources */,
				251D6B3715A55173006F5447 /* main.m in Sources */,
				251D6B5415A554A7006F5447 /* MTLoginController.m in Sources */,
				251D6B5D15A554D6006F5447 /* MTGridController.m in Sources */,
				251D6B6015A554E7006F5447 /* MTSearchTagController.m in Sources */,
				251D6B6315A554FE006F5447 /* MTSignUpController.m in Sources */,
				251D6BBE15A55568006F5447 /* ASIAuthenticationDialog.m in Sources */,
				251D6BBF15A55568006F5447 /* ASIDataCompressor.m in Sources */,
				251D6BC015A55568006F5447 /* ASIDataDecompressor.m in Sources */,
				251D6BC115A55568006F5447 /* ASIDownloadCache.m in Sources */,
				251D6BC215A55568006F5447 /* ASIFormDataRequest.m in Sources */,
				251D6BC315A55568006F5447 /* ASIHTTPRequest.m in Sources */,
				251D6BC415A55568006F5447 /* ASIInputStream.m in Sources */,
				251D6BC515A55568006F5447 /* ASINetworkQueue.m in Sources */,
				251D6BC615A55568006F5447 /* CoreLocationController.m in Sources */,
				251D6BC715A55568006F5447 /* FMDatabase.m in Sources */,
				251D6BC815A55568006F5447 /* FMDatabaseAdditions.m in Sources */,
				251D6BC915A55568006F5447 /* FMDatabasePool.m in Sources */,
				251D6BCA15A55568006F5447 /* FMDatabaseQueue.m in Sources */,
				251D6BCC15A55568006F5447 /* FMResultSet.m in Sources */,
				251D6BCD15A55568006F5447 /* Reachability.m in Sources */,
				251D6BCE15A55568006F5447 /* NSObject+SBJson.m in Sources */,
				251D6BCF15A55568006F5447 /* SBJsonParser.m in Sources */,
				251D6BD015A55568006F5447 /* SBJsonStreamParser.m in Sources */,
				251D6BD115A55568006F5447 /* SBJsonStreamParserAccumulator.m in Sources */,
				251D6BD215A55568006F5447 /* SBJsonStreamParserAdapter.m in Sources */,
				251D6BD315A55568006F5447 /* SBJsonStreamParserState.m in Sources */,
				251D6BD415A55568006F5447 /* SBJsonStreamWriter.m in Sources */,
				251D6BD515A55568006F5447 /* SBJsonStreamWriterAccumulator.m in Sources */,
				251D6BD615A55568006F5447 /* SBJsonStreamWriterState.m in Sources */,
				251D6BD715A55568006F5447 /* SBJsonTokeniser.m in Sources */,
				251D6BD815A55568006F5447 /* SBJsonUTF8Stream.m in Sources */,
				251D6BD915A55568006F5447 /* SBJsonWriter.m in Sources */,
				251D6BDA15A55568006F5447 /* MKAnnotationView+WebCache.m in Sources */,
				251D6BDB15A55568006F5447 /* SDImageCache.m in Sources */,
				251D6BDC15A55568006F5447 /* SDWebImageDecoder.m in Sources */,
				251D6BDD15A55568006F5447 /* SDWebImageDownloader.m in Sources */,
				251D6BDE15A55568006F5447 /* SDWebImageManager.m in Sources */,
				251D6BDF15A55568006F5447 /* SDWebImagePrefetcher.m in Sources */,
				251D6BE015A55568006F5447 /* UIButton+WebCache.m in Sources */,
				251D6BE115A55568006F5447 /* UIImageView+WebCache.m in Sources */,
				251D6BE415A55577006F5447 /* MTGlobal.m in Sources */,
				251D6BE715A55581006F5447 /* MTUtility.m in Sources */,
				251D6BEA15A55596006F5447 /* MTLocalizableKey.m in Sources */,
				251D6BED15A555A3006F5447 /* MTImagePathList.m in Sources */,
				4A692D8C15ABCE7D0035F566 /* MeshtilesFetcher.m in Sources */,
				4A692D8D15ABCE7D0035F566 /* MeshtilesPhoto.m in Sources */,
				4A692D8E15ABCE7D0035F566 /* MeshtilesPhotoDetail.m in Sources */,
				4A692D8F15ABCE7D0035F566 /* MeshtilesUser.m in Sources */,
				DBA4066415ABD6A600ED2B67 /* CustomTabBarController.m in Sources */,
				DBA4F77115ABDC7100B8857A /* ImagePin.m in Sources */,
				DBA4F77215ABDC7100B8857A /* LocationPin.m in Sources */,
				DBA4F78315ABDCDE00B8857A /* MTMapController.m in Sources */,
				DBA4F78415ABDCDE00B8857A /* ImageGridView.m in Sources */,
				DBA4F79115ABFFD100B8857A /* MTTopController.m in Sources */,
			);
			runOnlyForDeploymentPostprocessing = 0;
		};
/* End PBXSourcesBuildPhase section */

/* Begin PBXVariantGroup section */
		251D6B3D15A5524F006F5447 /* Localizable.strings */ = {
			isa = PBXVariantGroup;
			children = (
				251D6B3C15A5524F006F5447 /* en */,
				251D6B3E15A55257006F5447 /* ja */,
			);
			name = Localizable.strings;
			sourceTree = "<group>";
		};
/* End PBXVariantGroup section */

/* Begin XCBuildConfiguration section */
		25A1900115A29A400078B870 /* Debug */ = {
			isa = XCBuildConfiguration;
			buildSettings = {
				ALWAYS_SEARCH_USER_PATHS = NO;
				ARCHS = "$(ARCHS_STANDARD_32_BIT)";
				"CODE_SIGN_IDENTITY[sdk=iphoneos*]" = "iPhone Developer";
				COPY_PHASE_STRIP = NO;
				GCC_C_LANGUAGE_STANDARD = gnu99;
				GCC_DYNAMIC_NO_PIC = NO;
				GCC_OPTIMIZATION_LEVEL = 0;
				GCC_PREPROCESSOR_DEFINITIONS = (
					"DEBUG=1",
					"$(inherited)",
				);
				GCC_SYMBOLS_PRIVATE_EXTERN = NO;
				GCC_VERSION = com.apple.compilers.llvm.clang.1_0;
				GCC_WARN_ABOUT_MISSING_PROTOTYPES = YES;
				GCC_WARN_ABOUT_RETURN_TYPE = YES;
				GCC_WARN_UNUSED_VARIABLE = YES;
				IPHONEOS_DEPLOYMENT_TARGET = 4.3;
				SDKROOT = iphoneos;
				TARGETED_DEVICE_FAMILY = "1,2";
			};
			name = Debug;
		};
		25A1900215A29A400078B870 /* Release */ = {
			isa = XCBuildConfiguration;
			buildSettings = {
				ALWAYS_SEARCH_USER_PATHS = NO;
				ARCHS = "$(ARCHS_STANDARD_32_BIT)";
				"CODE_SIGN_IDENTITY[sdk=iphoneos*]" = "iPhone Developer";
				COPY_PHASE_STRIP = YES;
				GCC_C_LANGUAGE_STANDARD = gnu99;
				GCC_VERSION = com.apple.compilers.llvm.clang.1_0;
				GCC_WARN_ABOUT_MISSING_PROTOTYPES = YES;
				GCC_WARN_ABOUT_RETURN_TYPE = YES;
				GCC_WARN_UNUSED_VARIABLE = YES;
				IPHONEOS_DEPLOYMENT_TARGET = 4.3;
				OTHER_CFLAGS = "-DNS_BLOCK_ASSERTIONS=1";
				SDKROOT = iphoneos;
				TARGETED_DEVICE_FAMILY = "1,2";
				VALIDATE_PRODUCT = YES;
			};
			name = Release;
		};
		25A1900415A29A400078B870 /* Debug */ = {
			isa = XCBuildConfiguration;
			buildSettings = {
				GCC_PRECOMPILE_PREFIX_HEADER = YES;
				GCC_PREFIX_HEADER = "socialPhoto/Resources/Others/socialPhoto-Prefix.pch";
				INFOPLIST_FILE = "socialPhoto/Resources/Others/socialPhoto-Info.plist";
				IPHONEOS_DEPLOYMENT_TARGET = 4.3;
				PRODUCT_NAME = "$(TARGET_NAME)";
				WRAPPER_EXTENSION = app;
			};
			name = Debug;
		};
		25A1900515A29A400078B870 /* Release */ = {
			isa = XCBuildConfiguration;
			buildSettings = {
				GCC_PRECOMPILE_PREFIX_HEADER = YES;
				GCC_PREFIX_HEADER = "socialPhoto/Resources/Others/socialPhoto-Prefix.pch";
				INFOPLIST_FILE = "socialPhoto/Resources/Others/socialPhoto-Info.plist";
				IPHONEOS_DEPLOYMENT_TARGET = 4.3;
				PRODUCT_NAME = "$(TARGET_NAME)";
				WRAPPER_EXTENSION = app;
			};
			name = Release;
		};
/* End XCBuildConfiguration section */

/* Begin XCConfigurationList section */
		25A18FE515A29A400078B870 /* Build configuration list for PBXProject "socialPhoto" */ = {
			isa = XCConfigurationList;
			buildConfigurations = (
				25A1900115A29A400078B870 /* Debug */,
				25A1900215A29A400078B870 /* Release */,
			);
			defaultConfigurationIsVisible = 0;
			defaultConfigurationName = Release;
		};
		25A1900315A29A400078B870 /* Build configuration list for PBXNativeTarget "socialPhoto" */ = {
			isa = XCConfigurationList;
			buildConfigurations = (
				25A1900415A29A400078B870 /* Debug */,
				25A1900515A29A400078B870 /* Release */,
			);
			defaultConfigurationIsVisible = 0;
			defaultConfigurationName = Release;
		};
/* End XCConfigurationList section */
	};
	rootObject = 25A18FE215A29A400078B870 /* Project object */;
}
