// !$*UTF8*$!
{
	archiveVersion = 1;
	classes = {
	};
	objectVersion = 46;
	objects = {

/* Begin PBXBuildFile section */
		251D6BEF15A555C3006F5447 /* CoreLocation.framework in Frameworks */ = {isa = PBXBuildFile; fileRef = 251D6BEE15A555C3006F5447 /* CoreLocation.framework */; };
		251D6BF115A555CC006F5447 /* SystemConfiguration.framework in Frameworks */ = {isa = PBXBuildFile; fileRef = 251D6BF015A555CC006F5447 /* SystemConfiguration.framework */; };
		251D6BF315A555DA006F5447 /* MobileCoreServices.framework in Frameworks */ = {isa = PBXBuildFile; fileRef = 251D6BF215A555DA006F5447 /* MobileCoreServices.framework */; };
		251D6BF515A555FE006F5447 /* CFNetwork.framework in Frameworks */ = {isa = PBXBuildFile; fileRef = 251D6BF415A555FE006F5447 /* CFNetwork.framework */; };
		251D6BF715A55614006F5447 /* libz.dylib in Frameworks */ = {isa = PBXBuildFile; fileRef = 251D6BF615A55614006F5447 /* libz.dylib */; };
		251D6BF915A5563E006F5447 /* libsqlite3.dylib in Frameworks */ = {isa = PBXBuildFile; fileRef = 251D6BF815A5563E006F5447 /* libsqlite3.dylib */; };
		251D6BFB15A55679006F5447 /* MapKit.framework in Frameworks */ = {isa = PBXBuildFile; fileRef = 251D6BFA15A55679006F5447 /* MapKit.framework */; };
		251D6BFD15A55686006F5447 /* ImageIO.framework in Frameworks */ = {isa = PBXBuildFile; fileRef = 251D6BFC15A55686006F5447 /* ImageIO.framework */; };
		25A18FF015A29A400078B870 /* UIKit.framework in Frameworks */ = {isa = PBXBuildFile; fileRef = 25A18FEF15A29A400078B870 /* UIKit.framework */; };
		25A18FF215A29A400078B870 /* Foundation.framework in Frameworks */ = {isa = PBXBuildFile; fileRef = 25A18FF115A29A400078B870 /* Foundation.framework */; };
		25A18FF415A29A400078B870 /* CoreGraphics.framework in Frameworks */ = {isa = PBXBuildFile; fileRef = 25A18FF315A29A400078B870 /* CoreGraphics.framework */; };
		DBA4F7BA15AC0CD700B8857A /* QuartzCore.framework in Frameworks */ = {isa = PBXBuildFile; fileRef = DBA4F7B915AC0CD600B8857A /* QuartzCore.framework */; };
		DBF8116F15AC305C00E41659 /* CustomTabBarController.m in Sources */ = {isa = PBXBuildFile; fileRef = DBF810B915AC305C00E41659 /* CustomTabBarController.m */; };
		DBF8117015AC305C00E41659 /* MTLoginController.m in Sources */ = {isa = PBXBuildFile; fileRef = DBF810BC15AC305C00E41659 /* MTLoginController.m */; };
		DBF8117115AC305C00E41659 /* MTSignUpController.m in Sources */ = {isa = PBXBuildFile; fileRef = DBF810BE15AC305C00E41659 /* MTSignUpController.m */; };
		DBF8117215AC305C00E41659 /* MTGridController.m in Sources */ = {isa = PBXBuildFile; fileRef = DBF810C115AC305C00E41659 /* MTGridController.m */; };
		DBF8117315AC305C00E41659 /* MTSearchTagController.m in Sources */ = {isa = PBXBuildFile; fileRef = DBF810C315AC305C00E41659 /* MTSearchTagController.m */; };
		DBF8117415AC305C00E41659 /* ImagePin.m in Sources */ = {isa = PBXBuildFile; fileRef = DBF810C615AC305C00E41659 /* ImagePin.m */; };
		DBF8117515AC305C00E41659 /* LocationPin.m in Sources */ = {isa = PBXBuildFile; fileRef = DBF810C815AC305C00E41659 /* LocationPin.m */; };
		DBF8117615AC305C00E41659 /* MeshtilesFetcher.m in Sources */ = {isa = PBXBuildFile; fileRef = DBF810CA15AC305C00E41659 /* MeshtilesFetcher.m */; };
		DBF8117715AC305C00E41659 /* MeshtilesPhoto.m in Sources */ = {isa = PBXBuildFile; fileRef = DBF810CC15AC305C00E41659 /* MeshtilesPhoto.m */; };
		DBF8117815AC305C00E41659 /* MeshtilesPhotoDetail.m in Sources */ = {isa = PBXBuildFile; fileRef = DBF810CE15AC305C00E41659 /* MeshtilesPhotoDetail.m */; };
		DBF8117915AC305C00E41659 /* MeshtilesUser.m in Sources */ = {isa = PBXBuildFile; fileRef = DBF810D015AC305C00E41659 /* MeshtilesUser.m */; };
		DBF8117A15AC305C00E41659 /* ASIAuthenticationDialog.m in Sources */ = {isa = PBXBuildFile; fileRef = DBF810D415AC305C00E41659 /* ASIAuthenticationDialog.m */; };
		DBF8117B15AC305C00E41659 /* ASIDataCompressor.m in Sources */ = {isa = PBXBuildFile; fileRef = DBF810D715AC305C00E41659 /* ASIDataCompressor.m */; };
		DBF8117C15AC305C00E41659 /* ASIDataDecompressor.m in Sources */ = {isa = PBXBuildFile; fileRef = DBF810D915AC305C00E41659 /* ASIDataDecompressor.m */; };
		DBF8117D15AC305C00E41659 /* ASIDownloadCache.m in Sources */ = {isa = PBXBuildFile; fileRef = DBF810DB15AC305C00E41659 /* ASIDownloadCache.m */; };
		DBF8117E15AC305C00E41659 /* ASIFormDataRequest.m in Sources */ = {isa = PBXBuildFile; fileRef = DBF810DD15AC305C00E41659 /* ASIFormDataRequest.m */; };
		DBF8117F15AC305C00E41659 /* ASIHTTPRequest.m in Sources */ = {isa = PBXBuildFile; fileRef = DBF810DF15AC305C00E41659 /* ASIHTTPRequest.m */; };
		DBF8118015AC305C00E41659 /* ASIInputStream.m in Sources */ = {isa = PBXBuildFile; fileRef = DBF810E315AC305C00E41659 /* ASIInputStream.m */; };
		DBF8118115AC305C00E41659 /* ASINetworkQueue.m in Sources */ = {isa = PBXBuildFile; fileRef = DBF810E515AC305C00E41659 /* ASINetworkQueue.m */; };
		DBF8118215AC305C00E41659 /* CoreLocationController.m in Sources */ = {isa = PBXBuildFile; fileRef = DBF810E915AC305C00E41659 /* CoreLocationController.m */; };
		DBF8118315AC305C00E41659 /* EGORefreshTableFooterView.m in Sources */ = {isa = PBXBuildFile; fileRef = DBF810EF15AC305C00E41659 /* EGORefreshTableFooterView.m */; };
		DBF8118415AC305C00E41659 /* EGORefreshTableHeaderView.m in Sources */ = {isa = PBXBuildFile; fileRef = DBF810F115AC305C00E41659 /* EGORefreshTableHeaderView.m */; };
		DBF8118515AC305C00E41659 /* blackArrow.png in Resources */ = {isa = PBXBuildFile; fileRef = DBF810F315AC305C00E41659 /* blackArrow.png */; };
		DBF8118615AC305C00E41659 /* blackArrow@2x.png in Resources */ = {isa = PBXBuildFile; fileRef = DBF810F415AC305C00E41659 /* blackArrow@2x.png */; };
		DBF8118715AC305C00E41659 /* blueArrow.png in Resources */ = {isa = PBXBuildFile; fileRef = DBF810F515AC305C00E41659 /* blueArrow.png */; };
		DBF8118815AC305C00E41659 /* blueArrow@2x.png in Resources */ = {isa = PBXBuildFile; fileRef = DBF810F615AC305C00E41659 /* blueArrow@2x.png */; };
		DBF8118915AC305C00E41659 /* grayArrow.png in Resources */ = {isa = PBXBuildFile; fileRef = DBF810F715AC305C00E41659 /* grayArrow.png */; };
		DBF8118A15AC305C00E41659 /* grayArrow@2x.png in Resources */ = {isa = PBXBuildFile; fileRef = DBF810F815AC305C00E41659 /* grayArrow@2x.png */; };
		DBF8118B15AC305C00E41659 /* whiteArrow.png in Resources */ = {isa = PBXBuildFile; fileRef = DBF810F915AC305C00E41659 /* whiteArrow.png */; };
		DBF8118C15AC305C00E41659 /* whiteArrow@2x.png in Resources */ = {isa = PBXBuildFile; fileRef = DBF810FA15AC305C00E41659 /* whiteArrow@2x.png */; };
		DBF8118D15AC305C00E41659 /* FMDatabase.m in Sources */ = {isa = PBXBuildFile; fileRef = DBF810FD15AC305C00E41659 /* FMDatabase.m */; };
		DBF8118E15AC305C00E41659 /* FMDatabaseAdditions.m in Sources */ = {isa = PBXBuildFile; fileRef = DBF810FF15AC305C00E41659 /* FMDatabaseAdditions.m */; };
		DBF8118F15AC305C00E41659 /* FMDatabasePool.m in Sources */ = {isa = PBXBuildFile; fileRef = DBF8110115AC305C00E41659 /* FMDatabasePool.m */; };
		DBF8119015AC305C00E41659 /* FMDatabaseQueue.m in Sources */ = {isa = PBXBuildFile; fileRef = DBF8110315AC305C00E41659 /* FMDatabaseQueue.m */; };
		DBF8119115AC305C00E41659 /* FMResultSet.m in Sources */ = {isa = PBXBuildFile; fileRef = DBF8110515AC305C00E41659 /* FMResultSet.m */; };
		DBF8119215AC305C00E41659 /* Reachability.m in Sources */ = {isa = PBXBuildFile; fileRef = DBF8110815AC305C00E41659 /* Reachability.m */; };
		DBF8119315AC305C00E41659 /* NSObject+SBJson.m in Sources */ = {isa = PBXBuildFile; fileRef = DBF8110B15AC305C00E41659 /* NSObject+SBJson.m */; };
		DBF8119415AC305C00E41659 /* SBJsonParser.m in Sources */ = {isa = PBXBuildFile; fileRef = DBF8110E15AC305C00E41659 /* SBJsonParser.m */; };
		DBF8119515AC305C00E41659 /* SBJsonStreamParser.m in Sources */ = {isa = PBXBuildFile; fileRef = DBF8111015AC305C00E41659 /* SBJsonStreamParser.m */; };
		DBF8119615AC305C00E41659 /* SBJsonStreamParserAccumulator.m in Sources */ = {isa = PBXBuildFile; fileRef = DBF8111215AC305C00E41659 /* SBJsonStreamParserAccumulator.m */; };
		DBF8119715AC305C00E41659 /* SBJsonStreamParserAdapter.m in Sources */ = {isa = PBXBuildFile; fileRef = DBF8111415AC305C00E41659 /* SBJsonStreamParserAdapter.m */; };
		DBF8119815AC305C00E41659 /* SBJsonStreamParserState.m in Sources */ = {isa = PBXBuildFile; fileRef = DBF8111615AC305C00E41659 /* SBJsonStreamParserState.m */; };
		DBF8119915AC305C00E41659 /* SBJsonStreamWriter.m in Sources */ = {isa = PBXBuildFile; fileRef = DBF8111815AC305C00E41659 /* SBJsonStreamWriter.m */; };
		DBF8119A15AC305C00E41659 /* SBJsonStreamWriterAccumulator.m in Sources */ = {isa = PBXBuildFile; fileRef = DBF8111A15AC305C00E41659 /* SBJsonStreamWriterAccumulator.m */; };
		DBF8119B15AC305C00E41659 /* SBJsonStreamWriterState.m in Sources */ = {isa = PBXBuildFile; fileRef = DBF8111C15AC305C00E41659 /* SBJsonStreamWriterState.m */; };
		DBF8119C15AC305C00E41659 /* SBJsonTokeniser.m in Sources */ = {isa = PBXBuildFile; fileRef = DBF8111E15AC305C00E41659 /* SBJsonTokeniser.m */; };
		DBF8119D15AC305C00E41659 /* SBJsonUTF8Stream.m in Sources */ = {isa = PBXBuildFile; fileRef = DBF8112015AC305C00E41659 /* SBJsonUTF8Stream.m */; };
		DBF8119E15AC305C00E41659 /* SBJsonWriter.m in Sources */ = {isa = PBXBuildFile; fileRef = DBF8112215AC305C00E41659 /* SBJsonWriter.m */; };
		DBF8119F15AC305C00E41659 /* MKAnnotationView+WebCache.m in Sources */ = {isa = PBXBuildFile; fileRef = DBF8112515AC305C00E41659 /* MKAnnotationView+WebCache.m */; };
		DBF811A015AC305C00E41659 /* SDImageCache.m in Sources */ = {isa = PBXBuildFile; fileRef = DBF8112715AC305C00E41659 /* SDImageCache.m */; };
		DBF811A115AC305C00E41659 /* SDWebImageDecoder.m in Sources */ = {isa = PBXBuildFile; fileRef = DBF8112B15AC305C00E41659 /* SDWebImageDecoder.m */; };
		DBF811A215AC305C00E41659 /* SDWebImageDownloader.m in Sources */ = {isa = PBXBuildFile; fileRef = DBF8112D15AC305C00E41659 /* SDWebImageDownloader.m */; };
		DBF811A315AC305C00E41659 /* SDWebImageManager.m in Sources */ = {isa = PBXBuildFile; fileRef = DBF8113015AC305C00E41659 /* SDWebImageManager.m */; };
		DBF811A415AC305C00E41659 /* SDWebImagePrefetcher.m in Sources */ = {isa = PBXBuildFile; fileRef = DBF8113315AC305C00E41659 /* SDWebImagePrefetcher.m */; };
		DBF811A515AC305C00E41659 /* UIButton+WebCache.m in Sources */ = {isa = PBXBuildFile; fileRef = DBF8113515AC305C00E41659 /* UIButton+WebCache.m */; };
		DBF811A615AC305C00E41659 /* UIImageView+WebCache.m in Sources */ = {isa = PBXBuildFile; fileRef = DBF8113715AC305C00E41659 /* UIImageView+WebCache.m */; };
		DBF811A715AC305C00E41659 /* MTGlobal.m in Sources */ = {isa = PBXBuildFile; fileRef = DBF8113A15AC305C00E41659 /* MTGlobal.m */; };
		DBF811A815AC305C00E41659 /* MTImagePathList.m in Sources */ = {isa = PBXBuildFile; fileRef = DBF8113C15AC305C00E41659 /* MTImagePathList.m */; };
		DBF811A915AC305C00E41659 /* MTLocalizableKey.m in Sources */ = {isa = PBXBuildFile; fileRef = DBF8113E15AC305C00E41659 /* MTLocalizableKey.m */; };
		DBF811AA15AC305C00E41659 /* MTUtility.m in Sources */ = {isa = PBXBuildFile; fileRef = DBF8114015AC305C00E41659 /* MTUtility.m */; };
		DBF811AB15AC305C00E41659 /* MTImageGridView.m in Sources */ = {isa = PBXBuildFile; fileRef = DBF8114315AC305C00E41659 /* MTImageGridView.m */; };
		DBF811AC15AC305C00E41659 /* MTMapController.m in Sources */ = {isa = PBXBuildFile; fileRef = DBF8114515AC305C00E41659 /* MTMapController.m */; };
		DBF811AD15AC305C00E41659 /* MTPhotoView.m in Sources */ = {isa = PBXBuildFile; fileRef = DBF8114715AC305C00E41659 /* MTPhotoView.m */; };
		DBF811AE15AC305C00E41659 /* MTPhotoView.xib in Resources */ = {isa = PBXBuildFile; fileRef = DBF8114815AC305C00E41659 /* MTPhotoView.xib */; };
		DBF811AF15AC305C00E41659 /* MTTopController.m in Sources */ = {isa = PBXBuildFile; fileRef = DBF8114A15AC305C00E41659 /* MTTopController.m */; };
		DBF811B015AC305C00E41659 /* MTTopController.xib in Resources */ = {isa = PBXBuildFile; fileRef = DBF8114B15AC305C00E41659 /* MTTopController.xib */; };
		DBF811B115AC305C00E41659 /* RefreshableTableView.m in Sources */ = {isa = PBXBuildFile; fileRef = DBF8114D15AC305C00E41659 /* RefreshableTableView.m */; };
		DBF811B215AC305C00E41659 /* MTAppDelegate.m in Sources */ = {isa = PBXBuildFile; fileRef = DBF8114F15AC305C00E41659 /* MTAppDelegate.m */; };
		DBF811B315AC305C00E41659 /* meshtiles.sqlite in Resources */ = {isa = PBXBuildFile; fileRef = DBF8115215AC305C00E41659 /* meshtiles.sqlite */; };
		DBF811B415AC305C00E41659 /* compass.png in Resources */ = {isa = PBXBuildFile; fileRef = DBF8115415AC305C00E41659 /* compass.png */; };
		DBF811B515AC305C00E41659 /* compass@2x.png in Resources */ = {isa = PBXBuildFile; fileRef = DBF8115515AC305C00E41659 /* compass@2x.png */; };
		DBF811B615AC305C00E41659 /* header_bg.png in Resources */ = {isa = PBXBuildFile; fileRef = DBF8115615AC305C00E41659 /* header_bg.png */; };
		DBF811B715AC305C00E41659 /* map_image_bg.png in Resources */ = {isa = PBXBuildFile; fileRef = DBF8115715AC305C00E41659 /* map_image_bg.png */; };
		DBF811B815AC305C00E41659 /* map_image_bg@2x.png in Resources */ = {isa = PBXBuildFile; fileRef = DBF8115815AC305C00E41659 /* map_image_bg@2x.png */; };
		DBF811B915AC305C00E41659 /* placeholder.png in Resources */ = {isa = PBXBuildFile; fileRef = DBF8115915AC305C00E41659 /* placeholder.png */; };
		DBF811BA15AC305C00E41659 /* tab_bg.png in Resources */ = {isa = PBXBuildFile; fileRef = DBF8115A15AC305C00E41659 /* tab_bg.png */; };
		DBF811BB15AC305C00E41659 /* tab_mesh.png in Resources */ = {isa = PBXBuildFile; fileRef = DBF8115B15AC305C00E41659 /* tab_mesh.png */; };
		DBF811BC15AC305C00E41659 /* tab_mesh_active.png in Resources */ = {isa = PBXBuildFile; fileRef = DBF8115C15AC305C00E41659 /* tab_mesh_active.png */; };
		DBF811BD15AC305C00E41659 /* tab_shot.png in Resources */ = {isa = PBXBuildFile; fileRef = DBF8115D15AC305C00E41659 /* tab_shot.png */; };
		DBF811BE15AC305C00E41659 /* tab_shot_active.png in Resources */ = {isa = PBXBuildFile; fileRef = DBF8115E15AC305C00E41659 /* tab_shot_active.png */; };
		DBF811BF15AC305C00E41659 /* tab_timeline.png in Resources */ = {isa = PBXBuildFile; fileRef = DBF8115F15AC305C00E41659 /* tab_timeline.png */; };
		DBF811C015AC305C00E41659 /* tab_timeline_active.png in Resources */ = {isa = PBXBuildFile; fileRef = DBF8116015AC305C00E41659 /* tab_timeline_active.png */; };
		DBF811C115AC305C00E41659 /* tab_trend_tag.png in Resources */ = {isa = PBXBuildFile; fileRef = DBF8116115AC305C00E41659 /* tab_trend_tag.png */; };
		DBF811C215AC305C00E41659 /* tab_trend_tag_active.png in Resources */ = {isa = PBXBuildFile; fileRef = DBF8116215AC305C00E41659 /* tab_trend_tag_active.png */; };
		DBF811C315AC305C00E41659 /* tab_user.png in Resources */ = {isa = PBXBuildFile; fileRef = DBF8116315AC305C00E41659 /* tab_user.png */; };
		DBF811C415AC305C00E41659 /* tab_user_active.png in Resources */ = {isa = PBXBuildFile; fileRef = DBF8116415AC305C00E41659 /* tab_user_active.png */; };
		DBF811C515AC305C00E41659 /* Localizable.strings in Resources */ = {isa = PBXBuildFile; fileRef = DBF8116615AC305C00E41659 /* Localizable.strings */; };
		DBF811C615AC305C00E41659 /* MTMapController.xib in Resources */ = {isa = PBXBuildFile; fileRef = DBF8116A15AC305C00E41659 /* MTMapController.xib */; };
		DBF811C715AC305C00E41659 /* main.m in Sources */ = {isa = PBXBuildFile; fileRef = DBF8116C15AC305C00E41659 /* main.m */; };
		DBF811C815AC305C00E41659 /* socialPhoto-Info.plist in Resources */ = {isa = PBXBuildFile; fileRef = DBF8116D15AC305C00E41659 /* socialPhoto-Info.plist */; };
/* End PBXBuildFile section */

/* Begin PBXFileReference section */
		251D6BEE15A555C3006F5447 /* CoreLocation.framework */ = {isa = PBXFileReference; lastKnownFileType = wrapper.framework; name = CoreLocation.framework; path = System/Library/Frameworks/CoreLocation.framework; sourceTree = SDKROOT; };
		251D6BF015A555CC006F5447 /* SystemConfiguration.framework */ = {isa = PBXFileReference; lastKnownFileType = wrapper.framework; name = SystemConfiguration.framework; path = System/Library/Frameworks/SystemConfiguration.framework; sourceTree = SDKROOT; };
		251D6BF215A555DA006F5447 /* MobileCoreServices.framework */ = {isa = PBXFileReference; lastKnownFileType = wrapper.framework; name = MobileCoreServices.framework; path = System/Library/Frameworks/MobileCoreServices.framework; sourceTree = SDKROOT; };
		251D6BF415A555FE006F5447 /* CFNetwork.framework */ = {isa = PBXFileReference; lastKnownFileType = wrapper.framework; name = CFNetwork.framework; path = System/Library/Frameworks/CFNetwork.framework; sourceTree = SDKROOT; };
		251D6BF615A55614006F5447 /* libz.dylib */ = {isa = PBXFileReference; lastKnownFileType = "compiled.mach-o.dylib"; name = libz.dylib; path = usr/lib/libz.dylib; sourceTree = SDKROOT; };
		251D6BF815A5563E006F5447 /* libsqlite3.dylib */ = {isa = PBXFileReference; lastKnownFileType = "compiled.mach-o.dylib"; name = libsqlite3.dylib; path = usr/lib/libsqlite3.dylib; sourceTree = SDKROOT; };
		251D6BFA15A55679006F5447 /* MapKit.framework */ = {isa = PBXFileReference; lastKnownFileType = wrapper.framework; name = MapKit.framework; path = System/Library/Frameworks/MapKit.framework; sourceTree = SDKROOT; };
		251D6BFC15A55686006F5447 /* ImageIO.framework */ = {isa = PBXFileReference; lastKnownFileType = wrapper.framework; name = ImageIO.framework; path = System/Library/Frameworks/ImageIO.framework; sourceTree = SDKROOT; };
		25A18FEB15A29A400078B870 /* socialPhoto.app */ = {isa = PBXFileReference; explicitFileType = wrapper.application; includeInIndex = 0; path = socialPhoto.app; sourceTree = BUILT_PRODUCTS_DIR; };
		25A18FEF15A29A400078B870 /* UIKit.framework */ = {isa = PBXFileReference; lastKnownFileType = wrapper.framework; name = UIKit.framework; path = System/Library/Frameworks/UIKit.framework; sourceTree = SDKROOT; };
		25A18FF115A29A400078B870 /* Foundation.framework */ = {isa = PBXFileReference; lastKnownFileType = wrapper.framework; name = Foundation.framework; path = System/Library/Frameworks/Foundation.framework; sourceTree = SDKROOT; };
		25A18FF315A29A400078B870 /* CoreGraphics.framework */ = {isa = PBXFileReference; lastKnownFileType = wrapper.framework; name = CoreGraphics.framework; path = System/Library/Frameworks/CoreGraphics.framework; sourceTree = SDKROOT; };
		DBA4F7B915AC0CD600B8857A /* QuartzCore.framework */ = {isa = PBXFileReference; lastKnownFileType = wrapper.framework; name = QuartzCore.framework; path = System/Library/Frameworks/QuartzCore.framework; sourceTree = SDKROOT; };
		DBF810B815AC305C00E41659 /* CustomTabBarController.h */ = {isa = PBXFileReference; fileEncoding = 4; lastKnownFileType = sourcecode.c.h; path = CustomTabBarController.h; sourceTree = "<group>"; };
		DBF810B915AC305C00E41659 /* CustomTabBarController.m */ = {isa = PBXFileReference; fileEncoding = 4; lastKnownFileType = sourcecode.c.objc; path = CustomTabBarController.m; sourceTree = "<group>"; };
		DBF810BB15AC305C00E41659 /* MTLoginController.h */ = {isa = PBXFileReference; fileEncoding = 4; lastKnownFileType = sourcecode.c.h; path = MTLoginController.h; sourceTree = "<group>"; };
		DBF810BC15AC305C00E41659 /* MTLoginController.m */ = {isa = PBXFileReference; fileEncoding = 4; lastKnownFileType = sourcecode.c.objc; path = MTLoginController.m; sourceTree = "<group>"; };
		DBF810BD15AC305C00E41659 /* MTSignUpController.h */ = {isa = PBXFileReference; fileEncoding = 4; lastKnownFileType = sourcecode.c.h; path = MTSignUpController.h; sourceTree = "<group>"; };
		DBF810BE15AC305C00E41659 /* MTSignUpController.m */ = {isa = PBXFileReference; fileEncoding = 4; lastKnownFileType = sourcecode.c.objc; path = MTSignUpController.m; sourceTree = "<group>"; };
		DBF810C015AC305C00E41659 /* MTGridController.h */ = {isa = PBXFileReference; fileEncoding = 4; lastKnownFileType = sourcecode.c.h; path = MTGridController.h; sourceTree = "<group>"; };
		DBF810C115AC305C00E41659 /* MTGridController.m */ = {isa = PBXFileReference; fileEncoding = 4; lastKnownFileType = sourcecode.c.objc; path = MTGridController.m; sourceTree = "<group>"; };
		DBF810C215AC305C00E41659 /* MTSearchTagController.h */ = {isa = PBXFileReference; fileEncoding = 4; lastKnownFileType = sourcecode.c.h; path = MTSearchTagController.h; sourceTree = "<group>"; };
		DBF810C315AC305C00E41659 /* MTSearchTagController.m */ = {isa = PBXFileReference; fileEncoding = 4; lastKnownFileType = sourcecode.c.objc; path = MTSearchTagController.m; sourceTree = "<group>"; };
		DBF810C515AC305C00E41659 /* ImagePin.h */ = {isa = PBXFileReference; fileEncoding = 4; lastKnownFileType = sourcecode.c.h; path = ImagePin.h; sourceTree = "<group>"; };
		DBF810C615AC305C00E41659 /* ImagePin.m */ = {isa = PBXFileReference; fileEncoding = 4; lastKnownFileType = sourcecode.c.objc; path = ImagePin.m; sourceTree = "<group>"; };
		DBF810C715AC305C00E41659 /* LocationPin.h */ = {isa = PBXFileReference; fileEncoding = 4; lastKnownFileType = sourcecode.c.h; path = LocationPin.h; sourceTree = "<group>"; };
		DBF810C815AC305C00E41659 /* LocationPin.m */ = {isa = PBXFileReference; fileEncoding = 4; lastKnownFileType = sourcecode.c.objc; path = LocationPin.m; sourceTree = "<group>"; };
		DBF810C915AC305C00E41659 /* MeshtilesFetcher.h */ = {isa = PBXFileReference; fileEncoding = 4; lastKnownFileType = sourcecode.c.h; path = MeshtilesFetcher.h; sourceTree = "<group>"; };
		DBF810CA15AC305C00E41659 /* MeshtilesFetcher.m */ = {isa = PBXFileReference; fileEncoding = 4; lastKnownFileType = sourcecode.c.objc; path = MeshtilesFetcher.m; sourceTree = "<group>"; };
		DBF810CB15AC305C00E41659 /* MeshtilesPhoto.h */ = {isa = PBXFileReference; fileEncoding = 4; lastKnownFileType = sourcecode.c.h; path = MeshtilesPhoto.h; sourceTree = "<group>"; };
		DBF810CC15AC305C00E41659 /* MeshtilesPhoto.m */ = {isa = PBXFileReference; fileEncoding = 4; lastKnownFileType = sourcecode.c.objc; path = MeshtilesPhoto.m; sourceTree = "<group>"; };
		DBF810CD15AC305C00E41659 /* MeshtilesPhotoDetail.h */ = {isa = PBXFileReference; fileEncoding = 4; lastKnownFileType = sourcecode.c.h; path = MeshtilesPhotoDetail.h; sourceTree = "<group>"; };
		DBF810CE15AC305C00E41659 /* MeshtilesPhotoDetail.m */ = {isa = PBXFileReference; fileEncoding = 4; lastKnownFileType = sourcecode.c.objc; path = MeshtilesPhotoDetail.m; sourceTree = "<group>"; };
		DBF810CF15AC305C00E41659 /* MeshtilesUser.h */ = {isa = PBXFileReference; fileEncoding = 4; lastKnownFileType = sourcecode.c.h; path = MeshtilesUser.h; sourceTree = "<group>"; };
		DBF810D015AC305C00E41659 /* MeshtilesUser.m */ = {isa = PBXFileReference; fileEncoding = 4; lastKnownFileType = sourcecode.c.objc; path = MeshtilesUser.m; sourceTree = "<group>"; };
		DBF810D315AC305C00E41659 /* ASIAuthenticationDialog.h */ = {isa = PBXFileReference; fileEncoding = 4; lastKnownFileType = sourcecode.c.h; path = ASIAuthenticationDialog.h; sourceTree = "<group>"; };
		DBF810D415AC305C00E41659 /* ASIAuthenticationDialog.m */ = {isa = PBXFileReference; fileEncoding = 4; lastKnownFileType = sourcecode.c.objc; path = ASIAuthenticationDialog.m; sourceTree = "<group>"; };
		DBF810D515AC305C00E41659 /* ASICacheDelegate.h */ = {isa = PBXFileReference; fileEncoding = 4; lastKnownFileType = sourcecode.c.h; path = ASICacheDelegate.h; sourceTree = "<group>"; };
		DBF810D615AC305C00E41659 /* ASIDataCompressor.h */ = {isa = PBXFileReference; fileEncoding = 4; lastKnownFileType = sourcecode.c.h; path = ASIDataCompressor.h; sourceTree = "<group>"; };
		DBF810D715AC305C00E41659 /* ASIDataCompressor.m */ = {isa = PBXFileReference; fileEncoding = 4; lastKnownFileType = sourcecode.c.objc; path = ASIDataCompressor.m; sourceTree = "<group>"; };
		DBF810D815AC305C00E41659 /* ASIDataDecompressor.h */ = {isa = PBXFileReference; fileEncoding = 4; lastKnownFileType = sourcecode.c.h; path = ASIDataDecompressor.h; sourceTree = "<group>"; };
		DBF810D915AC305C00E41659 /* ASIDataDecompressor.m */ = {isa = PBXFileReference; fileEncoding = 4; lastKnownFileType = sourcecode.c.objc; path = ASIDataDecompressor.m; sourceTree = "<group>"; };
		DBF810DA15AC305C00E41659 /* ASIDownloadCache.h */ = {isa = PBXFileReference; fileEncoding = 4; lastKnownFileType = sourcecode.c.h; path = ASIDownloadCache.h; sourceTree = "<group>"; };
		DBF810DB15AC305C00E41659 /* ASIDownloadCache.m */ = {isa = PBXFileReference; fileEncoding = 4; lastKnownFileType = sourcecode.c.objc; path = ASIDownloadCache.m; sourceTree = "<group>"; };
		DBF810DC15AC305C00E41659 /* ASIFormDataRequest.h */ = {isa = PBXFileReference; fileEncoding = 4; lastKnownFileType = sourcecode.c.h; path = ASIFormDataRequest.h; sourceTree = "<group>"; };
		DBF810DD15AC305C00E41659 /* ASIFormDataRequest.m */ = {isa = PBXFileReference; fileEncoding = 4; lastKnownFileType = sourcecode.c.objc; path = ASIFormDataRequest.m; sourceTree = "<group>"; };
		DBF810DE15AC305C00E41659 /* ASIHTTPRequest.h */ = {isa = PBXFileReference; fileEncoding = 4; lastKnownFileType = sourcecode.c.h; path = ASIHTTPRequest.h; sourceTree = "<group>"; };
		DBF810DF15AC305C00E41659 /* ASIHTTPRequest.m */ = {isa = PBXFileReference; fileEncoding = 4; lastKnownFileType = sourcecode.c.objc; path = ASIHTTPRequest.m; sourceTree = "<group>"; };
		DBF810E015AC305C00E41659 /* ASIHTTPRequestConfig.h */ = {isa = PBXFileReference; fileEncoding = 4; lastKnownFileType = sourcecode.c.h; path = ASIHTTPRequestConfig.h; sourceTree = "<group>"; };
		DBF810E115AC305C00E41659 /* ASIHTTPRequestDelegate.h */ = {isa = PBXFileReference; fileEncoding = 4; lastKnownFileType = sourcecode.c.h; path = ASIHTTPRequestDelegate.h; sourceTree = "<group>"; };
		DBF810E215AC305C00E41659 /* ASIInputStream.h */ = {isa = PBXFileReference; fileEncoding = 4; lastKnownFileType = sourcecode.c.h; path = ASIInputStream.h; sourceTree = "<group>"; };
		DBF810E315AC305C00E41659 /* ASIInputStream.m */ = {isa = PBXFileReference; fileEncoding = 4; lastKnownFileType = sourcecode.c.objc; path = ASIInputStream.m; sourceTree = "<group>"; };
		DBF810E415AC305C00E41659 /* ASINetworkQueue.h */ = {isa = PBXFileReference; fileEncoding = 4; lastKnownFileType = sourcecode.c.h; path = ASINetworkQueue.h; sourceTree = "<group>"; };
		DBF810E515AC305C00E41659 /* ASINetworkQueue.m */ = {isa = PBXFileReference; fileEncoding = 4; lastKnownFileType = sourcecode.c.objc; path = ASINetworkQueue.m; sourceTree = "<group>"; };
		DBF810E615AC305C00E41659 /* ASIProgressDelegate.h */ = {isa = PBXFileReference; fileEncoding = 4; lastKnownFileType = sourcecode.c.h; path = ASIProgressDelegate.h; sourceTree = "<group>"; };
		DBF810E815AC305C00E41659 /* CoreLocationController.h */ = {isa = PBXFileReference; fileEncoding = 4; lastKnownFileType = sourcecode.c.h; path = CoreLocationController.h; sourceTree = "<group>"; };
		DBF810E915AC305C00E41659 /* CoreLocationController.m */ = {isa = PBXFileReference; fileEncoding = 4; lastKnownFileType = sourcecode.c.objc; path = CoreLocationController.m; sourceTree = "<group>"; };
		DBF810ED15AC305C00E41659 /* EGORefreshTable.h */ = {isa = PBXFileReference; fileEncoding = 4; lastKnownFileType = sourcecode.c.h; path = EGORefreshTable.h; sourceTree = "<group>"; };
		DBF810EE15AC305C00E41659 /* EGORefreshTableFooterView.h */ = {isa = PBXFileReference; fileEncoding = 4; lastKnownFileType = sourcecode.c.h; path = EGORefreshTableFooterView.h; sourceTree = "<group>"; };
		DBF810EF15AC305C00E41659 /* EGORefreshTableFooterView.m */ = {isa = PBXFileReference; fileEncoding = 4; lastKnownFileType = sourcecode.c.objc; path = EGORefreshTableFooterView.m; sourceTree = "<group>"; };
		DBF810F015AC305C00E41659 /* EGORefreshTableHeaderView.h */ = {isa = PBXFileReference; fileEncoding = 4; lastKnownFileType = sourcecode.c.h; path = EGORefreshTableHeaderView.h; sourceTree = "<group>"; };
		DBF810F115AC305C00E41659 /* EGORefreshTableHeaderView.m */ = {isa = PBXFileReference; fileEncoding = 4; lastKnownFileType = sourcecode.c.objc; path = EGORefreshTableHeaderView.m; sourceTree = "<group>"; };
		DBF810F315AC305C00E41659 /* blackArrow.png */ = {isa = PBXFileReference; lastKnownFileType = image.png; path = blackArrow.png; sourceTree = "<group>"; };
		DBF810F415AC305C00E41659 /* blackArrow@2x.png */ = {isa = PBXFileReference; lastKnownFileType = image.png; path = "blackArrow@2x.png"; sourceTree = "<group>"; };
		DBF810F515AC305C00E41659 /* blueArrow.png */ = {isa = PBXFileReference; lastKnownFileType = image.png; path = blueArrow.png; sourceTree = "<group>"; };
		DBF810F615AC305C00E41659 /* blueArrow@2x.png */ = {isa = PBXFileReference; lastKnownFileType = image.png; path = "blueArrow@2x.png"; sourceTree = "<group>"; };
		DBF810F715AC305C00E41659 /* grayArrow.png */ = {isa = PBXFileReference; lastKnownFileType = image.png; path = grayArrow.png; sourceTree = "<group>"; };
		DBF810F815AC305C00E41659 /* grayArrow@2x.png */ = {isa = PBXFileReference; lastKnownFileType = image.png; path = "grayArrow@2x.png"; sourceTree = "<group>"; };
		DBF810F915AC305C00E41659 /* whiteArrow.png */ = {isa = PBXFileReference; lastKnownFileType = image.png; path = whiteArrow.png; sourceTree = "<group>"; };
		DBF810FA15AC305C00E41659 /* whiteArrow@2x.png */ = {isa = PBXFileReference; lastKnownFileType = image.png; path = "whiteArrow@2x.png"; sourceTree = "<group>"; };
		DBF810FC15AC305C00E41659 /* FMDatabase.h */ = {isa = PBXFileReference; fileEncoding = 4; lastKnownFileType = sourcecode.c.h; path = FMDatabase.h; sourceTree = "<group>"; };
		DBF810FD15AC305C00E41659 /* FMDatabase.m */ = {isa = PBXFileReference; fileEncoding = 4; lastKnownFileType = sourcecode.c.objc; path = FMDatabase.m; sourceTree = "<group>"; };
		DBF810FE15AC305C00E41659 /* FMDatabaseAdditions.h */ = {isa = PBXFileReference; fileEncoding = 4; lastKnownFileType = sourcecode.c.h; path = FMDatabaseAdditions.h; sourceTree = "<group>"; };
		DBF810FF15AC305C00E41659 /* FMDatabaseAdditions.m */ = {isa = PBXFileReference; fileEncoding = 4; lastKnownFileType = sourcecode.c.objc; path = FMDatabaseAdditions.m; sourceTree = "<group>"; };
		DBF8110015AC305C00E41659 /* FMDatabasePool.h */ = {isa = PBXFileReference; fileEncoding = 4; lastKnownFileType = sourcecode.c.h; path = FMDatabasePool.h; sourceTree = "<group>"; };
		DBF8110115AC305C00E41659 /* FMDatabasePool.m */ = {isa = PBXFileReference; fileEncoding = 4; lastKnownFileType = sourcecode.c.objc; path = FMDatabasePool.m; sourceTree = "<group>"; };
		DBF8110215AC305C00E41659 /* FMDatabaseQueue.h */ = {isa = PBXFileReference; fileEncoding = 4; lastKnownFileType = sourcecode.c.h; path = FMDatabaseQueue.h; sourceTree = "<group>"; };
		DBF8110315AC305C00E41659 /* FMDatabaseQueue.m */ = {isa = PBXFileReference; fileEncoding = 4; lastKnownFileType = sourcecode.c.objc; path = FMDatabaseQueue.m; sourceTree = "<group>"; };
		DBF8110415AC305C00E41659 /* FMResultSet.h */ = {isa = PBXFileReference; fileEncoding = 4; lastKnownFileType = sourcecode.c.h; path = FMResultSet.h; sourceTree = "<group>"; };
		DBF8110515AC305C00E41659 /* FMResultSet.m */ = {isa = PBXFileReference; fileEncoding = 4; lastKnownFileType = sourcecode.c.objc; path = FMResultSet.m; sourceTree = "<group>"; };
		DBF8110715AC305C00E41659 /* Reachability.h */ = {isa = PBXFileReference; fileEncoding = 4; lastKnownFileType = sourcecode.c.h; path = Reachability.h; sourceTree = "<group>"; };
		DBF8110815AC305C00E41659 /* Reachability.m */ = {isa = PBXFileReference; fileEncoding = 4; lastKnownFileType = sourcecode.c.objc; path = Reachability.m; sourceTree = "<group>"; };
		DBF8110A15AC305C00E41659 /* NSObject+SBJson.h */ = {isa = PBXFileReference; fileEncoding = 4; lastKnownFileType = sourcecode.c.h; path = "NSObject+SBJson.h"; sourceTree = "<group>"; };
		DBF8110B15AC305C00E41659 /* NSObject+SBJson.m */ = {isa = PBXFileReference; fileEncoding = 4; lastKnownFileType = sourcecode.c.objc; path = "NSObject+SBJson.m"; sourceTree = "<group>"; };
		DBF8110C15AC305C00E41659 /* SBJson.h */ = {isa = PBXFileReference; fileEncoding = 4; lastKnownFileType = sourcecode.c.h; path = SBJson.h; sourceTree = "<group>"; };
		DBF8110D15AC305C00E41659 /* SBJsonParser.h */ = {isa = PBXFileReference; fileEncoding = 4; lastKnownFileType = sourcecode.c.h; path = SBJsonParser.h; sourceTree = "<group>"; };
		DBF8110E15AC305C00E41659 /* SBJsonParser.m */ = {isa = PBXFileReference; fileEncoding = 4; lastKnownFileType = sourcecode.c.objc; path = SBJsonParser.m; sourceTree = "<group>"; };
		DBF8110F15AC305C00E41659 /* SBJsonStreamParser.h */ = {isa = PBXFileReference; fileEncoding = 4; lastKnownFileType = sourcecode.c.h; path = SBJsonStreamParser.h; sourceTree = "<group>"; };
		DBF8111015AC305C00E41659 /* SBJsonStreamParser.m */ = {isa = PBXFileReference; fileEncoding = 4; lastKnownFileType = sourcecode.c.objc; path = SBJsonStreamParser.m; sourceTree = "<group>"; };
		DBF8111115AC305C00E41659 /* SBJsonStreamParserAccumulator.h */ = {isa = PBXFileReference; fileEncoding = 4; lastKnownFileType = sourcecode.c.h; path = SBJsonStreamParserAccumulator.h; sourceTree = "<group>"; };
		DBF8111215AC305C00E41659 /* SBJsonStreamParserAccumulator.m */ = {isa = PBXFileReference; fileEncoding = 4; lastKnownFileType = sourcecode.c.objc; path = SBJsonStreamParserAccumulator.m; sourceTree = "<group>"; };
		DBF8111315AC305C00E41659 /* SBJsonStreamParserAdapter.h */ = {isa = PBXFileReference; fileEncoding = 4; lastKnownFileType = sourcecode.c.h; path = SBJsonStreamParserAdapter.h; sourceTree = "<group>"; };
		DBF8111415AC305C00E41659 /* SBJsonStreamParserAdapter.m */ = {isa = PBXFileReference; fileEncoding = 4; lastKnownFileType = sourcecode.c.objc; path = SBJsonStreamParserAdapter.m; sourceTree = "<group>"; };
		DBF8111515AC305C00E41659 /* SBJsonStreamParserState.h */ = {isa = PBXFileReference; fileEncoding = 4; lastKnownFileType = sourcecode.c.h; path = SBJsonStreamParserState.h; sourceTree = "<group>"; };
		DBF8111615AC305C00E41659 /* SBJsonStreamParserState.m */ = {isa = PBXFileReference; fileEncoding = 4; lastKnownFileType = sourcecode.c.objc; path = SBJsonStreamParserState.m; sourceTree = "<group>"; };
		DBF8111715AC305C00E41659 /* SBJsonStreamWriter.h */ = {isa = PBXFileReference; fileEncoding = 4; lastKnownFileType = sourcecode.c.h; path = SBJsonStreamWriter.h; sourceTree = "<group>"; };
		DBF8111815AC305C00E41659 /* SBJsonStreamWriter.m */ = {isa = PBXFileReference; fileEncoding = 4; lastKnownFileType = sourcecode.c.objc; path = SBJsonStreamWriter.m; sourceTree = "<group>"; };
		DBF8111915AC305C00E41659 /* SBJsonStreamWriterAccumulator.h */ = {isa = PBXFileReference; fileEncoding = 4; lastKnownFileType = sourcecode.c.h; path = SBJsonStreamWriterAccumulator.h; sourceTree = "<group>"; };
		DBF8111A15AC305C00E41659 /* SBJsonStreamWriterAccumulator.m */ = {isa = PBXFileReference; fileEncoding = 4; lastKnownFileType = sourcecode.c.objc; path = SBJsonStreamWriterAccumulator.m; sourceTree = "<group>"; };
		DBF8111B15AC305C00E41659 /* SBJsonStreamWriterState.h */ = {isa = PBXFileReference; fileEncoding = 4; lastKnownFileType = sourcecode.c.h; path = SBJsonStreamWriterState.h; sourceTree = "<group>"; };
		DBF8111C15AC305C00E41659 /* SBJsonStreamWriterState.m */ = {isa = PBXFileReference; fileEncoding = 4; lastKnownFileType = sourcecode.c.objc; path = SBJsonStreamWriterState.m; sourceTree = "<group>"; };
		DBF8111D15AC305C00E41659 /* SBJsonTokeniser.h */ = {isa = PBXFileReference; fileEncoding = 4; lastKnownFileType = sourcecode.c.h; path = SBJsonTokeniser.h; sourceTree = "<group>"; };
		DBF8111E15AC305C00E41659 /* SBJsonTokeniser.m */ = {isa = PBXFileReference; fileEncoding = 4; lastKnownFileType = sourcecode.c.objc; path = SBJsonTokeniser.m; sourceTree = "<group>"; };
		DBF8111F15AC305C00E41659 /* SBJsonUTF8Stream.h */ = {isa = PBXFileReference; fileEncoding = 4; lastKnownFileType = sourcecode.c.h; path = SBJsonUTF8Stream.h; sourceTree = "<group>"; };
		DBF8112015AC305C00E41659 /* SBJsonUTF8Stream.m */ = {isa = PBXFileReference; fileEncoding = 4; lastKnownFileType = sourcecode.c.objc; path = SBJsonUTF8Stream.m; sourceTree = "<group>"; };
		DBF8112115AC305C00E41659 /* SBJsonWriter.h */ = {isa = PBXFileReference; fileEncoding = 4; lastKnownFileType = sourcecode.c.h; path = SBJsonWriter.h; sourceTree = "<group>"; };
		DBF8112215AC305C00E41659 /* SBJsonWriter.m */ = {isa = PBXFileReference; fileEncoding = 4; lastKnownFileType = sourcecode.c.objc; path = SBJsonWriter.m; sourceTree = "<group>"; };
		DBF8112415AC305C00E41659 /* MKAnnotationView+WebCache.h */ = {isa = PBXFileReference; fileEncoding = 4; lastKnownFileType = sourcecode.c.h; path = "MKAnnotationView+WebCache.h"; sourceTree = "<group>"; };
		DBF8112515AC305C00E41659 /* MKAnnotationView+WebCache.m */ = {isa = PBXFileReference; fileEncoding = 4; lastKnownFileType = sourcecode.c.objc; path = "MKAnnotationView+WebCache.m"; sourceTree = "<group>"; };
		DBF8112615AC305C00E41659 /* SDImageCache.h */ = {isa = PBXFileReference; fileEncoding = 4; lastKnownFileType = sourcecode.c.h; path = SDImageCache.h; sourceTree = "<group>"; };
		DBF8112715AC305C00E41659 /* SDImageCache.m */ = {isa = PBXFileReference; fileEncoding = 4; lastKnownFileType = sourcecode.c.objc; path = SDImageCache.m; sourceTree = "<group>"; };
		DBF8112815AC305C00E41659 /* SDImageCacheDelegate.h */ = {isa = PBXFileReference; fileEncoding = 4; lastKnownFileType = sourcecode.c.h; path = SDImageCacheDelegate.h; sourceTree = "<group>"; };
		DBF8112915AC305C00E41659 /* SDWebImageCompat.h */ = {isa = PBXFileReference; fileEncoding = 4; lastKnownFileType = sourcecode.c.h; path = SDWebImageCompat.h; sourceTree = "<group>"; };
		DBF8112A15AC305C00E41659 /* SDWebImageDecoder.h */ = {isa = PBXFileReference; fileEncoding = 4; lastKnownFileType = sourcecode.c.h; path = SDWebImageDecoder.h; sourceTree = "<group>"; };
		DBF8112B15AC305C00E41659 /* SDWebImageDecoder.m */ = {isa = PBXFileReference; fileEncoding = 4; lastKnownFileType = sourcecode.c.objc; path = SDWebImageDecoder.m; sourceTree = "<group>"; };
		DBF8112C15AC305C00E41659 /* SDWebImageDownloader.h */ = {isa = PBXFileReference; fileEncoding = 4; lastKnownFileType = sourcecode.c.h; path = SDWebImageDownloader.h; sourceTree = "<group>"; };
		DBF8112D15AC305C00E41659 /* SDWebImageDownloader.m */ = {isa = PBXFileReference; fileEncoding = 4; lastKnownFileType = sourcecode.c.objc; path = SDWebImageDownloader.m; sourceTree = "<group>"; };
		DBF8112E15AC305C00E41659 /* SDWebImageDownloaderDelegate.h */ = {isa = PBXFileReference; fileEncoding = 4; lastKnownFileType = sourcecode.c.h; path = SDWebImageDownloaderDelegate.h; sourceTree = "<group>"; };
		DBF8112F15AC305C00E41659 /* SDWebImageManager.h */ = {isa = PBXFileReference; fileEncoding = 4; lastKnownFileType = sourcecode.c.h; path = SDWebImageManager.h; sourceTree = "<group>"; };
		DBF8113015AC305C00E41659 /* SDWebImageManager.m */ = {isa = PBXFileReference; fileEncoding = 4; lastKnownFileType = sourcecode.c.objc; path = SDWebImageManager.m; sourceTree = "<group>"; };
		DBF8113115AC305C00E41659 /* SDWebImageManagerDelegate.h */ = {isa = PBXFileReference; fileEncoding = 4; lastKnownFileType = sourcecode.c.h; path = SDWebImageManagerDelegate.h; sourceTree = "<group>"; };
		DBF8113215AC305C00E41659 /* SDWebImagePrefetcher.h */ = {isa = PBXFileReference; fileEncoding = 4; lastKnownFileType = sourcecode.c.h; path = SDWebImagePrefetcher.h; sourceTree = "<group>"; };
		DBF8113315AC305C00E41659 /* SDWebImagePrefetcher.m */ = {isa = PBXFileReference; fileEncoding = 4; lastKnownFileType = sourcecode.c.objc; path = SDWebImagePrefetcher.m; sourceTree = "<group>"; };
		DBF8113415AC305C00E41659 /* UIButton+WebCache.h */ = {isa = PBXFileReference; fileEncoding = 4; lastKnownFileType = sourcecode.c.h; path = "UIButton+WebCache.h"; sourceTree = "<group>"; };
		DBF8113515AC305C00E41659 /* UIButton+WebCache.m */ = {isa = PBXFileReference; fileEncoding = 4; lastKnownFileType = sourcecode.c.objc; path = "UIButton+WebCache.m"; sourceTree = "<group>"; };
		DBF8113615AC305C00E41659 /* UIImageView+WebCache.h */ = {isa = PBXFileReference; fileEncoding = 4; lastKnownFileType = sourcecode.c.h; path = "UIImageView+WebCache.h"; sourceTree = "<group>"; };
		DBF8113715AC305C00E41659 /* UIImageView+WebCache.m */ = {isa = PBXFileReference; fileEncoding = 4; lastKnownFileType = sourcecode.c.objc; path = "UIImageView+WebCache.m"; sourceTree = "<group>"; };
		DBF8113915AC305C00E41659 /* MTGlobal.h */ = {isa = PBXFileReference; fileEncoding = 4; lastKnownFileType = sourcecode.c.h; path = MTGlobal.h; sourceTree = "<group>"; };
		DBF8113A15AC305C00E41659 /* MTGlobal.m */ = {isa = PBXFileReference; fileEncoding = 4; lastKnownFileType = sourcecode.c.objc; path = MTGlobal.m; sourceTree = "<group>"; };
		DBF8113B15AC305C00E41659 /* MTImagePathList.h */ = {isa = PBXFileReference; fileEncoding = 4; lastKnownFileType = sourcecode.c.h; path = MTImagePathList.h; sourceTree = "<group>"; };
		DBF8113C15AC305C00E41659 /* MTImagePathList.m */ = {isa = PBXFileReference; fileEncoding = 4; lastKnownFileType = sourcecode.c.objc; path = MTImagePathList.m; sourceTree = "<group>"; };
		DBF8113D15AC305C00E41659 /* MTLocalizableKey.h */ = {isa = PBXFileReference; fileEncoding = 4; lastKnownFileType = sourcecode.c.h; path = MTLocalizableKey.h; sourceTree = "<group>"; };
		DBF8113E15AC305C00E41659 /* MTLocalizableKey.m */ = {isa = PBXFileReference; fileEncoding = 4; lastKnownFileType = sourcecode.c.objc; path = MTLocalizableKey.m; sourceTree = "<group>"; };
		DBF8113F15AC305C00E41659 /* MTUtility.h */ = {isa = PBXFileReference; fileEncoding = 4; lastKnownFileType = sourcecode.c.h; path = MTUtility.h; sourceTree = "<group>"; };
		DBF8114015AC305C00E41659 /* MTUtility.m */ = {isa = PBXFileReference; fileEncoding = 4; lastKnownFileType = sourcecode.c.objc; path = MTUtility.m; sourceTree = "<group>"; };
		DBF8114215AC305C00E41659 /* MTImageGridView.h */ = {isa = PBXFileReference; fileEncoding = 4; lastKnownFileType = sourcecode.c.h; path = MTImageGridView.h; sourceTree = "<group>"; };
		DBF8114315AC305C00E41659 /* MTImageGridView.m */ = {isa = PBXFileReference; fileEncoding = 4; lastKnownFileType = sourcecode.c.objc; path = MTImageGridView.m; sourceTree = "<group>"; };
		DBF8114415AC305C00E41659 /* MTMapController.h */ = {isa = PBXFileReference; fileEncoding = 4; lastKnownFileType = sourcecode.c.h; path = MTMapController.h; sourceTree = "<group>"; };
		DBF8114515AC305C00E41659 /* MTMapController.m */ = {isa = PBXFileReference; fileEncoding = 4; lastKnownFileType = sourcecode.c.objc; path = MTMapController.m; sourceTree = "<group>"; };
		DBF8114615AC305C00E41659 /* MTPhotoView.h */ = {isa = PBXFileReference; fileEncoding = 4; lastKnownFileType = sourcecode.c.h; path = MTPhotoView.h; sourceTree = "<group>"; };
		DBF8114715AC305C00E41659 /* MTPhotoView.m */ = {isa = PBXFileReference; fileEncoding = 4; lastKnownFileType = sourcecode.c.objc; path = MTPhotoView.m; sourceTree = "<group>"; };
		DBF8114815AC305C00E41659 /* MTPhotoView.xib */ = {isa = PBXFileReference; fileEncoding = 4; lastKnownFileType = file.xib; path = MTPhotoView.xib; sourceTree = "<group>"; };
		DBF8114915AC305C00E41659 /* MTTopController.h */ = {isa = PBXFileReference; fileEncoding = 4; lastKnownFileType = sourcecode.c.h; path = MTTopController.h; sourceTree = "<group>"; };
		DBF8114A15AC305C00E41659 /* MTTopController.m */ = {isa = PBXFileReference; fileEncoding = 4; lastKnownFileType = sourcecode.c.objc; path = MTTopController.m; sourceTree = "<group>"; };
		DBF8114B15AC305C00E41659 /* MTTopController.xib */ = {isa = PBXFileReference; fileEncoding = 4; lastKnownFileType = file.xib; path = MTTopController.xib; sourceTree = "<group>"; };
		DBF8114C15AC305C00E41659 /* RefreshableTableView.h */ = {isa = PBXFileReference; fileEncoding = 4; lastKnownFileType = sourcecode.c.h; path = RefreshableTableView.h; sourceTree = "<group>"; };
		DBF8114D15AC305C00E41659 /* RefreshableTableView.m */ = {isa = PBXFileReference; fileEncoding = 4; lastKnownFileType = sourcecode.c.objc; path = RefreshableTableView.m; sourceTree = "<group>"; };
		DBF8114E15AC305C00E41659 /* MTAppDelegate.h */ = {isa = PBXFileReference; fileEncoding = 4; lastKnownFileType = sourcecode.c.h; path = MTAppDelegate.h; sourceTree = "<group>"; };
		DBF8114F15AC305C00E41659 /* MTAppDelegate.m */ = {isa = PBXFileReference; fileEncoding = 4; lastKnownFileType = sourcecode.c.objc; path = MTAppDelegate.m; sourceTree = "<group>"; };
		DBF8115215AC305C00E41659 /* meshtiles.sqlite */ = {isa = PBXFileReference; lastKnownFileType = file; path = meshtiles.sqlite; sourceTree = "<group>"; };
		DBF8115415AC305C00E41659 /* compass.png */ = {isa = PBXFileReference; lastKnownFileType = image.png; path = compass.png; sourceTree = "<group>"; };
		DBF8115515AC305C00E41659 /* compass@2x.png */ = {isa = PBXFileReference; lastKnownFileType = image.png; path = "compass@2x.png"; sourceTree = "<group>"; };
		DBF8115615AC305C00E41659 /* header_bg.png */ = {isa = PBXFileReference; lastKnownFileType = image.png; path = header_bg.png; sourceTree = "<group>"; };
		DBF8115715AC305C00E41659 /* map_image_bg.png */ = {isa = PBXFileReference; lastKnownFileType = image.png; path = map_image_bg.png; sourceTree = "<group>"; };
		DBF8115815AC305C00E41659 /* map_image_bg@2x.png */ = {isa = PBXFileReference; lastKnownFileType = image.png; path = "map_image_bg@2x.png"; sourceTree = "<group>"; };
		DBF8115915AC305C00E41659 /* placeholder.png */ = {isa = PBXFileReference; lastKnownFileType = image.png; path = placeholder.png; sourceTree = "<group>"; };
		DBF8115A15AC305C00E41659 /* tab_bg.png */ = {isa = PBXFileReference; lastKnownFileType = image.png; path = tab_bg.png; sourceTree = "<group>"; };
		DBF8115B15AC305C00E41659 /* tab_mesh.png */ = {isa = PBXFileReference; lastKnownFileType = image.png; path = tab_mesh.png; sourceTree = "<group>"; };
		DBF8115C15AC305C00E41659 /* tab_mesh_active.png */ = {isa = PBXFileReference; lastKnownFileType = image.png; path = tab_mesh_active.png; sourceTree = "<group>"; };
		DBF8115D15AC305C00E41659 /* tab_shot.png */ = {isa = PBXFileReference; lastKnownFileType = image.png; path = tab_shot.png; sourceTree = "<group>"; };
		DBF8115E15AC305C00E41659 /* tab_shot_active.png */ = {isa = PBXFileReference; lastKnownFileType = image.png; path = tab_shot_active.png; sourceTree = "<group>"; };
		DBF8115F15AC305C00E41659 /* tab_timeline.png */ = {isa = PBXFileReference; lastKnownFileType = image.png; path = tab_timeline.png; sourceTree = "<group>"; };
		DBF8116015AC305C00E41659 /* tab_timeline_active.png */ = {isa = PBXFileReference; lastKnownFileType = image.png; path = tab_timeline_active.png; sourceTree = "<group>"; };
		DBF8116115AC305C00E41659 /* tab_trend_tag.png */ = {isa = PBXFileReference; lastKnownFileType = image.png; path = tab_trend_tag.png; sourceTree = "<group>"; };
		DBF8116215AC305C00E41659 /* tab_trend_tag_active.png */ = {isa = PBXFileReference; lastKnownFileType = image.png; path = tab_trend_tag_active.png; sourceTree = "<group>"; };
		DBF8116315AC305C00E41659 /* tab_user.png */ = {isa = PBXFileReference; lastKnownFileType = image.png; path = tab_user.png; sourceTree = "<group>"; };
		DBF8116415AC305C00E41659 /* tab_user_active.png */ = {isa = PBXFileReference; lastKnownFileType = image.png; path = tab_user_active.png; sourceTree = "<group>"; };
		DBF8116715AC305C00E41659 /* en */ = {isa = PBXFileReference; lastKnownFileType = text.plist.strings; name = en; path = en.lproj/Localizable.strings; sourceTree = "<group>"; };
		DBF8116815AC305C00E41659 /* ja */ = {isa = PBXFileReference; lastKnownFileType = text.plist.strings; name = ja; path = ja.lproj/Localizable.strings; sourceTree = "<group>"; };
		DBF8116A15AC305C00E41659 /* MTMapController.xib */ = {isa = PBXFileReference; fileEncoding = 4; lastKnownFileType = file.xib; path = MTMapController.xib; sourceTree = "<group>"; };
		DBF8116C15AC305C00E41659 /* main.m */ = {isa = PBXFileReference; fileEncoding = 4; lastKnownFileType = sourcecode.c.objc; path = main.m; sourceTree = "<group>"; };
		DBF8116D15AC305C00E41659 /* socialPhoto-Info.plist */ = {isa = PBXFileReference; fileEncoding = 4; lastKnownFileType = text.plist.xml; path = "socialPhoto-Info.plist"; sourceTree = "<group>"; };
		DBF8116E15AC305C00E41659 /* socialPhoto-Prefix.pch */ = {isa = PBXFileReference; fileEncoding = 4; lastKnownFileType = sourcecode.c.h; path = "socialPhoto-Prefix.pch"; sourceTree = "<group>"; };
/* End PBXFileReference section */

/* Begin PBXFrameworksBuildPhase section */
		25A18FE815A29A400078B870 /* Frameworks */ = {
			isa = PBXFrameworksBuildPhase;
			buildActionMask = 2147483647;
			files = (
				DBA4F7BA15AC0CD700B8857A /* QuartzCore.framework in Frameworks */,
				251D6BFD15A55686006F5447 /* ImageIO.framework in Frameworks */,
				251D6BFB15A55679006F5447 /* MapKit.framework in Frameworks */,
				251D6BF915A5563E006F5447 /* libsqlite3.dylib in Frameworks */,
				251D6BF715A55614006F5447 /* libz.dylib in Frameworks */,
				251D6BF515A555FE006F5447 /* CFNetwork.framework in Frameworks */,
				251D6BF315A555DA006F5447 /* MobileCoreServices.framework in Frameworks */,
				251D6BF115A555CC006F5447 /* SystemConfiguration.framework in Frameworks */,
				251D6BEF15A555C3006F5447 /* CoreLocation.framework in Frameworks */,
				25A18FF015A29A400078B870 /* UIKit.framework in Frameworks */,
				25A18FF215A29A400078B870 /* Foundation.framework in Frameworks */,
				25A18FF415A29A400078B870 /* CoreGraphics.framework in Frameworks */,
			);
			runOnlyForDeploymentPostprocessing = 0;
		};
/* End PBXFrameworksBuildPhase section */

/* Begin PBXGroup section */
		251D6B2315A55173006F5447 /* socialPhoto */ = {
			isa = PBXGroup;
			children = (
				DBF810B515AC305C00E41659 /* Class */,
				DBF8114E15AC305C00E41659 /* MTAppDelegate.h */,
				DBF8114F15AC305C00E41659 /* MTAppDelegate.m */,
				DBF8115015AC305C00E41659 /* Resources */,
			);
			path = socialPhoto;
			sourceTree = "<group>";
		};
		25A18FE015A29A400078B870 = {
			isa = PBXGroup;
			children = (
				DBA4F7B915AC0CD600B8857A /* QuartzCore.framework */,
				251D6B2315A55173006F5447 /* socialPhoto */,
				25A18FEE15A29A400078B870 /* Frameworks */,
				25A18FEC15A29A400078B870 /* Products */,
			);
			sourceTree = "<group>";
		};
		25A18FEC15A29A400078B870 /* Products */ = {
			isa = PBXGroup;
			children = (
				25A18FEB15A29A400078B870 /* socialPhoto.app */,
			);
			name = Products;
			sourceTree = "<group>";
		};
		25A18FEE15A29A400078B870 /* Frameworks */ = {
			isa = PBXGroup;
			children = (
				251D6BF815A5563E006F5447 /* libsqlite3.dylib */,
				251D6BF615A55614006F5447 /* libz.dylib */,
				251D6BFC15A55686006F5447 /* ImageIO.framework */,
				251D6BFA15A55679006F5447 /* MapKit.framework */,
				251D6BF415A555FE006F5447 /* CFNetwork.framework */,
				251D6BF215A555DA006F5447 /* MobileCoreServices.framework */,
				251D6BF015A555CC006F5447 /* SystemConfiguration.framework */,
				251D6BEE15A555C3006F5447 /* CoreLocation.framework */,
				25A18FEF15A29A400078B870 /* UIKit.framework */,
				25A18FF115A29A400078B870 /* Foundation.framework */,
				25A18FF315A29A400078B870 /* CoreGraphics.framework */,
			);
			name = Frameworks;
			sourceTree = "<group>";
		};
		DBF810B515AC305C00E41659 /* Class */ = {
			isa = PBXGroup;
			children = (
				DBF810B615AC305C00E41659 /* Controller */,
				DBF810C415AC305C00E41659 /* Entity */,
				DBF810D115AC305C00E41659 /* Library */,
				DBF8113815AC305C00E41659 /* Utility */,
				DBF8114115AC305C00E41659 /* View */,
			);
			path = Class;
			sourceTree = "<group>";
		};
		DBF810B615AC305C00E41659 /* Controller */ = {
			isa = PBXGroup;
			children = (
				DBF810B715AC305C00E41659 /* CustomTabbarController */,
				DBF810BA15AC305C00E41659 /* Login */,
				DBF810BF15AC305C00E41659 /* Top */,
			);
			path = Controller;
			sourceTree = "<group>";
		};
		DBF810B715AC305C00E41659 /* CustomTabbarController */ = {
			isa = PBXGroup;
			children = (
				DBF810B815AC305C00E41659 /* CustomTabBarController.h */,
				DBF810B915AC305C00E41659 /* CustomTabBarController.m */,
			);
			path = CustomTabbarController;
			sourceTree = "<group>";
		};
		DBF810BA15AC305C00E41659 /* Login */ = {
			isa = PBXGroup;
			children = (
				DBF810BB15AC305C00E41659 /* MTLoginController.h */,
				DBF810BC15AC305C00E41659 /* MTLoginController.m */,
				DBF810BD15AC305C00E41659 /* MTSignUpController.h */,
				DBF810BE15AC305C00E41659 /* MTSignUpController.m */,
			);
			path = Login;
			sourceTree = "<group>";
		};
		DBF810BF15AC305C00E41659 /* Top */ = {
			isa = PBXGroup;
			children = (
				DBF810C015AC305C00E41659 /* MTGridController.h */,
				DBF810C115AC305C00E41659 /* MTGridController.m */,
				DBF810C215AC305C00E41659 /* MTSearchTagController.h */,
				DBF810C315AC305C00E41659 /* MTSearchTagController.m */,
			);
			path = Top;
			sourceTree = "<group>";
		};
		DBF810C415AC305C00E41659 /* Entity */ = {
			isa = PBXGroup;
			children = (
				DBF810C515AC305C00E41659 /* ImagePin.h */,
				DBF810C615AC305C00E41659 /* ImagePin.m */,
				DBF810C715AC305C00E41659 /* LocationPin.h */,
				DBF810C815AC305C00E41659 /* LocationPin.m */,
				DBF810C915AC305C00E41659 /* MeshtilesFetcher.h */,
				DBF810CA15AC305C00E41659 /* MeshtilesFetcher.m */,
				DBF810CB15AC305C00E41659 /* MeshtilesPhoto.h */,
				DBF810CC15AC305C00E41659 /* MeshtilesPhoto.m */,
				DBF810CD15AC305C00E41659 /* MeshtilesPhotoDetail.h */,
				DBF810CE15AC305C00E41659 /* MeshtilesPhotoDetail.m */,
				DBF810CF15AC305C00E41659 /* MeshtilesUser.h */,
				DBF810D015AC305C00E41659 /* MeshtilesUser.m */,
			);
			path = Entity;
			sourceTree = "<group>";
		};
		DBF810D115AC305C00E41659 /* Library */ = {
			isa = PBXGroup;
			children = (
				DBF810D215AC305C00E41659 /* ASIHttpRequest */,
				DBF810E715AC305C00E41659 /* CoreLocation */,
				DBF810EA15AC305C00E41659 /* EGOTableViewPullRefresh */,
				DBF810FB15AC305C00E41659 /* FMDB */,
				DBF8110615AC305C00E41659 /* Reachability */,
				DBF8110915AC305C00E41659 /* SBJson */,
				DBF8112315AC305C00E41659 /* SDWebImage */,
			);
			path = Library;
			sourceTree = "<group>";
		};
		DBF810D215AC305C00E41659 /* ASIHttpRequest */ = {
			isa = PBXGroup;
			children = (
				DBF810D315AC305C00E41659 /* ASIAuthenticationDialog.h */,
				DBF810D415AC305C00E41659 /* ASIAuthenticationDialog.m */,
				DBF810D515AC305C00E41659 /* ASICacheDelegate.h */,
				DBF810D615AC305C00E41659 /* ASIDataCompressor.h */,
				DBF810D715AC305C00E41659 /* ASIDataCompressor.m */,
				DBF810D815AC305C00E41659 /* ASIDataDecompressor.h */,
				DBF810D915AC305C00E41659 /* ASIDataDecompressor.m */,
				DBF810DA15AC305C00E41659 /* ASIDownloadCache.h */,
				DBF810DB15AC305C00E41659 /* ASIDownloadCache.m */,
				DBF810DC15AC305C00E41659 /* ASIFormDataRequest.h */,
				DBF810DD15AC305C00E41659 /* ASIFormDataRequest.m */,
				DBF810DE15AC305C00E41659 /* ASIHTTPRequest.h */,
				DBF810DF15AC305C00E41659 /* ASIHTTPRequest.m */,
				DBF810E015AC305C00E41659 /* ASIHTTPRequestConfig.h */,
				DBF810E115AC305C00E41659 /* ASIHTTPRequestDelegate.h */,
				DBF810E215AC305C00E41659 /* ASIInputStream.h */,
				DBF810E315AC305C00E41659 /* ASIInputStream.m */,
				DBF810E415AC305C00E41659 /* ASINetworkQueue.h */,
				DBF810E515AC305C00E41659 /* ASINetworkQueue.m */,
				DBF810E615AC305C00E41659 /* ASIProgressDelegate.h */,
			);
			path = ASIHttpRequest;
			sourceTree = "<group>";
		};
		DBF810E715AC305C00E41659 /* CoreLocation */ = {
			isa = PBXGroup;
			children = (
				DBF810E815AC305C00E41659 /* CoreLocationController.h */,
				DBF810E915AC305C00E41659 /* CoreLocationController.m */,
			);
			path = CoreLocation;
			sourceTree = "<group>";
		};
		DBF810EA15AC305C00E41659 /* EGOTableViewPullRefresh */ = {
			isa = PBXGroup;
			children = (
				DBF810EB15AC305C00E41659 /* Classes */,
				DBF810F215AC305C00E41659 /* Resources */,
			);
			path = EGOTableViewPullRefresh;
			sourceTree = "<group>";
		};
		DBF810EB15AC305C00E41659 /* Classes */ = {
			isa = PBXGroup;
			children = (
				DBF810EC15AC305C00E41659 /* View */,
			);
			path = Classes;
			sourceTree = "<group>";
		};
		DBF810EC15AC305C00E41659 /* View */ = {
			isa = PBXGroup;
			children = (
				DBF810ED15AC305C00E41659 /* EGORefreshTable.h */,
				DBF810EE15AC305C00E41659 /* EGORefreshTableFooterView.h */,
				DBF810EF15AC305C00E41659 /* EGORefreshTableFooterView.m */,
				DBF810F015AC305C00E41659 /* EGORefreshTableHeaderView.h */,
				DBF810F115AC305C00E41659 /* EGORefreshTableHeaderView.m */,
			);
			path = View;
			sourceTree = "<group>";
		};
		DBF810F215AC305C00E41659 /* Resources */ = {
			isa = PBXGroup;
			children = (
				DBF810F315AC305C00E41659 /* blackArrow.png */,
				DBF810F415AC305C00E41659 /* blackArrow@2x.png */,
				DBF810F515AC305C00E41659 /* blueArrow.png */,
				DBF810F615AC305C00E41659 /* blueArrow@2x.png */,
				DBF810F715AC305C00E41659 /* grayArrow.png */,
				DBF810F815AC305C00E41659 /* grayArrow@2x.png */,
				DBF810F915AC305C00E41659 /* whiteArrow.png */,
				DBF810FA15AC305C00E41659 /* whiteArrow@2x.png */,
			);
			path = Resources;
			sourceTree = "<group>";
		};
		DBF810FB15AC305C00E41659 /* FMDB */ = {
			isa = PBXGroup;
			children = (
				DBF810FC15AC305C00E41659 /* FMDatabase.h */,
				DBF810FD15AC305C00E41659 /* FMDatabase.m */,
				DBF810FE15AC305C00E41659 /* FMDatabaseAdditions.h */,
				DBF810FF15AC305C00E41659 /* FMDatabaseAdditions.m */,
				DBF8110015AC305C00E41659 /* FMDatabasePool.h */,
				DBF8110115AC305C00E41659 /* FMDatabasePool.m */,
				DBF8110215AC305C00E41659 /* FMDatabaseQueue.h */,
				DBF8110315AC305C00E41659 /* FMDatabaseQueue.m */,
				DBF8110415AC305C00E41659 /* FMResultSet.h */,
				DBF8110515AC305C00E41659 /* FMResultSet.m */,
			);
			path = FMDB;
			sourceTree = "<group>";
		};
		DBF8110615AC305C00E41659 /* Reachability */ = {
			isa = PBXGroup;
			children = (
				DBF8110715AC305C00E41659 /* Reachability.h */,
				DBF8110815AC305C00E41659 /* Reachability.m */,
			);
			path = Reachability;
			sourceTree = "<group>";
		};
		DBF8110915AC305C00E41659 /* SBJson */ = {
			isa = PBXGroup;
			children = (
				DBF8110A15AC305C00E41659 /* NSObject+SBJson.h */,
				DBF8110B15AC305C00E41659 /* NSObject+SBJson.m */,
				DBF8110C15AC305C00E41659 /* SBJson.h */,
				DBF8110D15AC305C00E41659 /* SBJsonParser.h */,
				DBF8110E15AC305C00E41659 /* SBJsonParser.m */,
				DBF8110F15AC305C00E41659 /* SBJsonStreamParser.h */,
				DBF8111015AC305C00E41659 /* SBJsonStreamParser.m */,
				DBF8111115AC305C00E41659 /* SBJsonStreamParserAccumulator.h */,
				DBF8111215AC305C00E41659 /* SBJsonStreamParserAccumulator.m */,
				DBF8111315AC305C00E41659 /* SBJsonStreamParserAdapter.h */,
				DBF8111415AC305C00E41659 /* SBJsonStreamParserAdapter.m */,
				DBF8111515AC305C00E41659 /* SBJsonStreamParserState.h */,
				DBF8111615AC305C00E41659 /* SBJsonStreamParserState.m */,
				DBF8111715AC305C00E41659 /* SBJsonStreamWriter.h */,
				DBF8111815AC305C00E41659 /* SBJsonStreamWriter.m */,
				DBF8111915AC305C00E41659 /* SBJsonStreamWriterAccumulator.h */,
				DBF8111A15AC305C00E41659 /* SBJsonStreamWriterAccumulator.m */,
				DBF8111B15AC305C00E41659 /* SBJsonStreamWriterState.h */,
				DBF8111C15AC305C00E41659 /* SBJsonStreamWriterState.m */,
				DBF8111D15AC305C00E41659 /* SBJsonTokeniser.h */,
				DBF8111E15AC305C00E41659 /* SBJsonTokeniser.m */,
				DBF8111F15AC305C00E41659 /* SBJsonUTF8Stream.h */,
				DBF8112015AC305C00E41659 /* SBJsonUTF8Stream.m */,
				DBF8112115AC305C00E41659 /* SBJsonWriter.h */,
				DBF8112215AC305C00E41659 /* SBJsonWriter.m */,
			);
			path = SBJson;
			sourceTree = "<group>";
		};
		DBF8112315AC305C00E41659 /* SDWebImage */ = {
			isa = PBXGroup;
			children = (
				DBF8112415AC305C00E41659 /* MKAnnotationView+WebCache.h */,
				DBF8112515AC305C00E41659 /* MKAnnotationView+WebCache.m */,
				DBF8112615AC305C00E41659 /* SDImageCache.h */,
				DBF8112715AC305C00E41659 /* SDImageCache.m */,
				DBF8112815AC305C00E41659 /* SDImageCacheDelegate.h */,
				DBF8112915AC305C00E41659 /* SDWebImageCompat.h */,
				DBF8112A15AC305C00E41659 /* SDWebImageDecoder.h */,
				DBF8112B15AC305C00E41659 /* SDWebImageDecoder.m */,
				DBF8112C15AC305C00E41659 /* SDWebImageDownloader.h */,
				DBF8112D15AC305C00E41659 /* SDWebImageDownloader.m */,
				DBF8112E15AC305C00E41659 /* SDWebImageDownloaderDelegate.h */,
				DBF8112F15AC305C00E41659 /* SDWebImageManager.h */,
				DBF8113015AC305C00E41659 /* SDWebImageManager.m */,
				DBF8113115AC305C00E41659 /* SDWebImageManagerDelegate.h */,
				DBF8113215AC305C00E41659 /* SDWebImagePrefetcher.h */,
				DBF8113315AC305C00E41659 /* SDWebImagePrefetcher.m */,
				DBF8113415AC305C00E41659 /* UIButton+WebCache.h */,
				DBF8113515AC305C00E41659 /* UIButton+WebCache.m */,
				DBF8113615AC305C00E41659 /* UIImageView+WebCache.h */,
				DBF8113715AC305C00E41659 /* UIImageView+WebCache.m */,
			);
			path = SDWebImage;
			sourceTree = "<group>";
		};
		DBF8113815AC305C00E41659 /* Utility */ = {
			isa = PBXGroup;
			children = (
				DBF8113915AC305C00E41659 /* MTGlobal.h */,
				DBF8113A15AC305C00E41659 /* MTGlobal.m */,
				DBF8113B15AC305C00E41659 /* MTImagePathList.h */,
				DBF8113C15AC305C00E41659 /* MTImagePathList.m */,
				DBF8113D15AC305C00E41659 /* MTLocalizableKey.h */,
				DBF8113E15AC305C00E41659 /* MTLocalizableKey.m */,
				DBF8113F15AC305C00E41659 /* MTUtility.h */,
				DBF8114015AC305C00E41659 /* MTUtility.m */,
			);
			path = Utility;
			sourceTree = "<group>";
		};
		DBF8114115AC305C00E41659 /* View */ = {
			isa = PBXGroup;
			children = (
				DBF8114215AC305C00E41659 /* MTImageGridView.h */,
				DBF8114315AC305C00E41659 /* MTImageGridView.m */,
				DBF8114415AC305C00E41659 /* MTMapController.h */,
				DBF8114515AC305C00E41659 /* MTMapController.m */,
				DBF8114615AC305C00E41659 /* MTPhotoView.h */,
				DBF8114715AC305C00E41659 /* MTPhotoView.m */,
				DBF8114815AC305C00E41659 /* MTPhotoView.xib */,
				DBF8114915AC305C00E41659 /* MTTopController.h */,
				DBF8114A15AC305C00E41659 /* MTTopController.m */,
				DBF8114B15AC305C00E41659 /* MTTopController.xib */,
				DBF8114C15AC305C00E41659 /* RefreshableTableView.h */,
				DBF8114D15AC305C00E41659 /* RefreshableTableView.m */,
			);
			path = View;
			sourceTree = "<group>";
		};
		DBF8115015AC305C00E41659 /* Resources */ = {
			isa = PBXGroup;
			children = (
				DBF8115115AC305C00E41659 /* Database */,
				DBF8115315AC305C00E41659 /* Images */,
				DBF8116515AC305C00E41659 /* Mutilanguage */,
				DBF8116915AC305C00E41659 /* Nib */,
				DBF8116B15AC305C00E41659 /* Others */,
			);
			path = Resources;
			sourceTree = "<group>";
		};
		DBF8115115AC305C00E41659 /* Database */ = {
			isa = PBXGroup;
			children = (
				DBF8115215AC305C00E41659 /* meshtiles.sqlite */,
			);
			path = Database;
			sourceTree = "<group>";
		};
		DBF8115315AC305C00E41659 /* Images */ = {
			isa = PBXGroup;
			children = (
				DBF8115415AC305C00E41659 /* compass.png */,
				DBF8115515AC305C00E41659 /* compass@2x.png */,
				DBF8115615AC305C00E41659 /* header_bg.png */,
				DBF8115715AC305C00E41659 /* map_image_bg.png */,
				DBF8115815AC305C00E41659 /* map_image_bg@2x.png */,
				DBF8115915AC305C00E41659 /* placeholder.png */,
				DBF8115A15AC305C00E41659 /* tab_bg.png */,
				DBF8115B15AC305C00E41659 /* tab_mesh.png */,
				DBF8115C15AC305C00E41659 /* tab_mesh_active.png */,
				DBF8115D15AC305C00E41659 /* tab_shot.png */,
				DBF8115E15AC305C00E41659 /* tab_shot_active.png */,
				DBF8115F15AC305C00E41659 /* tab_timeline.png */,
				DBF8116015AC305C00E41659 /* tab_timeline_active.png */,
				DBF8116115AC305C00E41659 /* tab_trend_tag.png */,
				DBF8116215AC305C00E41659 /* tab_trend_tag_active.png */,
				DBF8116315AC305C00E41659 /* tab_user.png */,
				DBF8116415AC305C00E41659 /* tab_user_active.png */,
			);
			path = Images;
			sourceTree = "<group>";
		};
		DBF8116515AC305C00E41659 /* Mutilanguage */ = {
			isa = PBXGroup;
			children = (
				DBF8116615AC305C00E41659 /* Localizable.strings */,
			);
			path = Mutilanguage;
			sourceTree = "<group>";
		};
		DBF8116915AC305C00E41659 /* Nib */ = {
			isa = PBXGroup;
			children = (
				DBF8116A15AC305C00E41659 /* MTMapController.xib */,
			);
			path = Nib;
			sourceTree = "<group>";
		};
		DBF8116B15AC305C00E41659 /* Others */ = {
			isa = PBXGroup;
			children = (
				DBF8116C15AC305C00E41659 /* main.m */,
				DBF8116D15AC305C00E41659 /* socialPhoto-Info.plist */,
				DBF8116E15AC305C00E41659 /* socialPhoto-Prefix.pch */,
			);
			path = Others;
			sourceTree = "<group>";
		};
/* End PBXGroup section */

/* Begin PBXNativeTarget section */
		25A18FEA15A29A400078B870 /* socialPhoto */ = {
			isa = PBXNativeTarget;
			buildConfigurationList = 25A1900315A29A400078B870 /* Build configuration list for PBXNativeTarget "socialPhoto" */;
			buildPhases = (
				25A18FE715A29A400078B870 /* Sources */,
				25A18FE815A29A400078B870 /* Frameworks */,
				25A18FE915A29A400078B870 /* Resources */,
			);
			buildRules = (
			);
			dependencies = (
			);
			name = socialPhoto;
			productName = socialPhoto;
			productReference = 25A18FEB15A29A400078B870 /* socialPhoto.app */;
			productType = "com.apple.product-type.application";
		};
/* End PBXNativeTarget section */

/* Begin PBXProject section */
		25A18FE215A29A400078B870 /* Project object */ = {
			isa = PBXProject;
			attributes = {
				LastUpgradeCheck = 0420;
			};
			buildConfigurationList = 25A18FE515A29A400078B870 /* Build configuration list for PBXProject "socialPhoto" */;
			compatibilityVersion = "Xcode 3.2";
			developmentRegion = English;
			hasScannedForEncodings = 0;
			knownRegions = (
				en,
				ja,
			);
			mainGroup = 25A18FE015A29A400078B870;
			productRefGroup = 25A18FEC15A29A400078B870 /* Products */;
			projectDirPath = "";
			projectRoot = "";
			targets = (
				25A18FEA15A29A400078B870 /* socialPhoto */,
			);
		};
/* End PBXProject section */

/* Begin PBXResourcesBuildPhase section */
		25A18FE915A29A400078B870 /* Resources */ = {
			isa = PBXResourcesBuildPhase;
			buildActionMask = 2147483647;
			files = (
				DBF8118515AC305C00E41659 /* blackArrow.png in Resources */,
				DBF8118615AC305C00E41659 /* blackArrow@2x.png in Resources */,
				DBF8118715AC305C00E41659 /* blueArrow.png in Resources */,
				DBF8118815AC305C00E41659 /* blueArrow@2x.png in Resources */,
				DBF8118915AC305C00E41659 /* grayArrow.png in Resources */,
				DBF8118A15AC305C00E41659 /* grayArrow@2x.png in Resources */,
				DBF8118B15AC305C00E41659 /* whiteArrow.png in Resources */,
				DBF8118C15AC305C00E41659 /* whiteArrow@2x.png in Resources */,
				DBF811AE15AC305C00E41659 /* MTPhotoView.xib in Resources */,
				DBF811B015AC305C00E41659 /* MTTopController.xib in Resources */,
				DBF811B315AC305C00E41659 /* meshtiles.sqlite in Resources */,
				DBF811B415AC305C00E41659 /* compass.png in Resources */,
				DBF811B515AC305C00E41659 /* compass@2x.png in Resources */,
				DBF811B615AC305C00E41659 /* header_bg.png in Resources */,
				DBF811B715AC305C00E41659 /* map_image_bg.png in Resources */,
				DBF811B815AC305C00E41659 /* map_image_bg@2x.png in Resources */,
				DBF811B915AC305C00E41659 /* placeholder.png in Resources */,
				DBF811BA15AC305C00E41659 /* tab_bg.png in Resources */,
				DBF811BB15AC305C00E41659 /* tab_mesh.png in Resources */,
				DBF811BC15AC305C00E41659 /* tab_mesh_active.png in Resources */,
				DBF811BD15AC305C00E41659 /* tab_shot.png in Resources */,
				DBF811BE15AC305C00E41659 /* tab_shot_active.png in Resources */,
				DBF811BF15AC305C00E41659 /* tab_timeline.png in Resources */,
				DBF811C015AC305C00E41659 /* tab_timeline_active.png in Resources */,
				DBF811C115AC305C00E41659 /* tab_trend_tag.png in Resources */,
				DBF811C215AC305C00E41659 /* tab_trend_tag_active.png in Resources */,
				DBF811C315AC305C00E41659 /* tab_user.png in Resources */,
				DBF811C415AC305C00E41659 /* tab_user_active.png in Resources */,
				DBF811C515AC305C00E41659 /* Localizable.strings in Resources */,
				DBF811C615AC305C00E41659 /* MTMapController.xib in Resources */,
				DBF811C815AC305C00E41659 /* socialPhoto-Info.plist in Resources */,
			);
			runOnlyForDeploymentPostprocessing = 0;
		};
/* End PBXResourcesBuildPhase section */

/* Begin PBXSourcesBuildPhase section */
		25A18FE715A29A400078B870 /* Sources */ = {
			isa = PBXSourcesBuildPhase;
			buildActionMask = 2147483647;
			files = (
				DBF8116F15AC305C00E41659 /* CustomTabBarController.m in Sources */,
				DBF8117015AC305C00E41659 /* MTLoginController.m in Sources */,
				DBF8117115AC305C00E41659 /* MTSignUpController.m in Sources */,
				DBF8117215AC305C00E41659 /* MTGridController.m in Sources */,
				DBF8117315AC305C00E41659 /* MTSearchTagController.m in Sources */,
				DBF8117415AC305C00E41659 /* ImagePin.m in Sources */,
				DBF8117515AC305C00E41659 /* LocationPin.m in Sources */,
				DBF8117615AC305C00E41659 /* MeshtilesFetcher.m in Sources */,
				DBF8117715AC305C00E41659 /* MeshtilesPhoto.m in Sources */,
				DBF8117815AC305C00E41659 /* MeshtilesPhotoDetail.m in Sources */,
				DBF8117915AC305C00E41659 /* MeshtilesUser.m in Sources */,
				DBF8117A15AC305C00E41659 /* ASIAuthenticationDialog.m in Sources */,
				DBF8117B15AC305C00E41659 /* ASIDataCompressor.m in Sources */,
				DBF8117C15AC305C00E41659 /* ASIDataDecompressor.m in Sources */,
				DBF8117D15AC305C00E41659 /* ASIDownloadCache.m in Sources */,
				DBF8117E15AC305C00E41659 /* ASIFormDataRequest.m in Sources */,
				DBF8117F15AC305C00E41659 /* ASIHTTPRequest.m in Sources */,
				DBF8118015AC305C00E41659 /* ASIInputStream.m in Sources */,
				DBF8118115AC305C00E41659 /* ASINetworkQueue.m in Sources */,
				DBF8118215AC305C00E41659 /* CoreLocationController.m in Sources */,
				DBF8118315AC305C00E41659 /* EGORefreshTableFooterView.m in Sources */,
				DBF8118415AC305C00E41659 /* EGORefreshTableHeaderView.m in Sources */,
				DBF8118D15AC305C00E41659 /* FMDatabase.m in Sources */,
				DBF8118E15AC305C00E41659 /* FMDatabaseAdditions.m in Sources */,
				DBF8118F15AC305C00E41659 /* FMDatabasePool.m in Sources */,
				DBF8119015AC305C00E41659 /* FMDatabaseQueue.m in Sources */,
				DBF8119115AC305C00E41659 /* FMResultSet.m in Sources */,
				DBF8119215AC305C00E41659 /* Reachability.m in Sources */,
				DBF8119315AC305C00E41659 /* NSObject+SBJson.m in Sources */,
				DBF8119415AC305C00E41659 /* SBJsonParser.m in Sources */,
				DBF8119515AC305C00E41659 /* SBJsonStreamParser.m in Sources */,
				DBF8119615AC305C00E41659 /* SBJsonStreamParserAccumulator.m in Sources */,
				DBF8119715AC305C00E41659 /* SBJsonStreamParserAdapter.m in Sources */,
				DBF8119815AC305C00E41659 /* SBJsonStreamParserState.m in Sources */,
				DBF8119915AC305C00E41659 /* SBJsonStreamWriter.m in Sources */,
				DBF8119A15AC305C00E41659 /* SBJsonStreamWriterAccumulator.m in Sources */,
				DBF8119B15AC305C00E41659 /* SBJsonStreamWriterState.m in Sources */,
				DBF8119C15AC305C00E41659 /* SBJsonTokeniser.m in Sources */,
				DBF8119D15AC305C00E41659 /* SBJsonUTF8Stream.m in Sources */,
				DBF8119E15AC305C00E41659 /* SBJsonWriter.m in Sources */,
				DBF8119F15AC305C00E41659 /* MKAnnotationView+WebCache.m in Sources */,
				DBF811A015AC305C00E41659 /* SDImageCache.m in Sources */,
				DBF811A115AC305C00E41659 /* SDWebImageDecoder.m in Sources */,
				DBF811A215AC305C00E41659 /* SDWebImageDownloader.m in Sources */,
				DBF811A315AC305C00E41659 /* SDWebImageManager.m in Sources */,
				DBF811A415AC305C00E41659 /* SDWebImagePrefetcher.m in Sources */,
				DBF811A515AC305C00E41659 /* UIButton+WebCache.m in Sources */,
				DBF811A615AC305C00E41659 /* UIImageView+WebCache.m in Sources */,
				DBF811A715AC305C00E41659 /* MTGlobal.m in Sources */,
				DBF811A815AC305C00E41659 /* MTImagePathList.m in Sources */,
				DBF811A915AC305C00E41659 /* MTLocalizableKey.m in Sources */,
				DBF811AA15AC305C00E41659 /* MTUtility.m in Sources */,
				DBF811AB15AC305C00E41659 /* MTImageGridView.m in Sources */,
				DBF811AC15AC305C00E41659 /* MTMapController.m in Sources */,
				DBF811AD15AC305C00E41659 /* MTPhotoView.m in Sources */,
				DBF811AF15AC305C00E41659 /* MTTopController.m in Sources */,
				DBF811B115AC305C00E41659 /* RefreshableTableView.m in Sources */,
				DBF811B215AC305C00E41659 /* MTAppDelegate.m in Sources */,
				DBF811C715AC305C00E41659 /* main.m in Sources */,
			);
			runOnlyForDeploymentPostprocessing = 0;
		};
/* End PBXSourcesBuildPhase section */

/* Begin PBXVariantGroup section */
		DBF8116615AC305C00E41659 /* Localizable.strings */ = {
			isa = PBXVariantGroup;
			children = (
				DBF8116715AC305C00E41659 /* en */,
				DBF8116815AC305C00E41659 /* ja */,
			);
			name = Localizable.strings;
			sourceTree = "<group>";
		};
/* End PBXVariantGroup section */

/* Begin XCBuildConfiguration section */
		25A1900115A29A400078B870 /* Debug */ = {
			isa = XCBuildConfiguration;
			buildSettings = {
				ALWAYS_SEARCH_USER_PATHS = NO;
				ARCHS = "$(ARCHS_STANDARD_32_BIT)";
				"CODE_SIGN_IDENTITY[sdk=iphoneos*]" = "iPhone Developer";
				COPY_PHASE_STRIP = NO;
				GCC_C_LANGUAGE_STANDARD = gnu99;
				GCC_DYNAMIC_NO_PIC = NO;
				GCC_OPTIMIZATION_LEVEL = 0;
				GCC_PREPROCESSOR_DEFINITIONS = (
					"DEBUG=1",
					"$(inherited)",
				);
				GCC_SYMBOLS_PRIVATE_EXTERN = NO;
				GCC_VERSION = com.apple.compilers.llvm.clang.1_0;
				GCC_WARN_ABOUT_MISSING_PROTOTYPES = YES;
				GCC_WARN_ABOUT_RETURN_TYPE = YES;
				GCC_WARN_UNUSED_VARIABLE = YES;
				IPHONEOS_DEPLOYMENT_TARGET = 4.3;
				SDKROOT = iphoneos;
				TARGETED_DEVICE_FAMILY = "1,2";
			};
			name = Debug;
		};
		25A1900215A29A400078B870 /* Release */ = {
			isa = XCBuildConfiguration;
			buildSettings = {
				ALWAYS_SEARCH_USER_PATHS = NO;
				ARCHS = "$(ARCHS_STANDARD_32_BIT)";
				"CODE_SIGN_IDENTITY[sdk=iphoneos*]" = "iPhone Developer";
				COPY_PHASE_STRIP = YES;
				GCC_C_LANGUAGE_STANDARD = gnu99;
				GCC_VERSION = com.apple.compilers.llvm.clang.1_0;
				GCC_WARN_ABOUT_MISSING_PROTOTYPES = YES;
				GCC_WARN_ABOUT_RETURN_TYPE = YES;
				GCC_WARN_UNUSED_VARIABLE = YES;
				IPHONEOS_DEPLOYMENT_TARGET = 4.3;
				OTHER_CFLAGS = "-DNS_BLOCK_ASSERTIONS=1";
				SDKROOT = iphoneos;
				TARGETED_DEVICE_FAMILY = "1,2";
				VALIDATE_PRODUCT = YES;
			};
			name = Release;
		};
		25A1900415A29A400078B870 /* Debug */ = {
			isa = XCBuildConfiguration;
			buildSettings = {
				GCC_PRECOMPILE_PREFIX_HEADER = YES;
				GCC_PREFIX_HEADER = "socialPhoto/Resources/Others/socialPhoto-Prefix.pch";
				INFOPLIST_FILE = "socialPhoto/Resources/Others/socialPhoto-Info.plist";
				IPHONEOS_DEPLOYMENT_TARGET = 4.3;
				PRODUCT_NAME = "$(TARGET_NAME)";
				WRAPPER_EXTENSION = app;
			};
			name = Debug;
		};
		25A1900515A29A400078B870 /* Release */ = {
			isa = XCBuildConfiguration;
			buildSettings = {
				GCC_PRECOMPILE_PREFIX_HEADER = YES;
				GCC_PREFIX_HEADER = "socialPhoto/Resources/Others/socialPhoto-Prefix.pch";
				INFOPLIST_FILE = "socialPhoto/Resources/Others/socialPhoto-Info.plist";
				IPHONEOS_DEPLOYMENT_TARGET = 4.3;
				PRODUCT_NAME = "$(TARGET_NAME)";
				WRAPPER_EXTENSION = app;
			};
			name = Release;
		};
/* End XCBuildConfiguration section */

/* Begin XCConfigurationList section */
		25A18FE515A29A400078B870 /* Build configuration list for PBXProject "socialPhoto" */ = {
			isa = XCConfigurationList;
			buildConfigurations = (
				25A1900115A29A400078B870 /* Debug */,
				25A1900215A29A400078B870 /* Release */,
			);
			defaultConfigurationIsVisible = 0;
			defaultConfigurationName = Release;
		};
		25A1900315A29A400078B870 /* Build configuration list for PBXNativeTarget "socialPhoto" */ = {
			isa = XCConfigurationList;
			buildConfigurations = (
				25A1900415A29A400078B870 /* Debug */,
				25A1900515A29A400078B870 /* Release */,
			);
			defaultConfigurationIsVisible = 0;
			defaultConfigurationName = Release;
		};
/* End XCConfigurationList section */
	};
	rootObject = 25A18FE215A29A400078B870 /* Project object */;
}
